
Microsoft Visual Studio Solution File, Format Version 12.00
# Visual Studio 14
VisualStudioVersion = 14.0.25420.1
MinimumVisualStudioVersion = 10.0.40219.1
Project("{FAE04EC0-301F-11D3-BF4B-00C04F79EFBC}") = "ILBridge", "ILBridge\ILBridge.csproj", "{F07BF2F8-EA32-4FC4-A867-12636D0CF616}"
EndProject
Project("{FAE04EC0-301F-11D3-BF4B-00C04F79EFBC}") = "Mono.Cecil", "JustDecompileEngine\Mono.Cecil\Mono.Cecil.csproj", "{D68133BD-1E63-496E-9EDE-4FBDBF77B486}"
EndProject
Project("{FAE04EC0-301F-11D3-BF4B-00C04F79EFBC}") = "Mono.Cecil.Pdb", "JustDecompileEngine\Mono.Cecil\symbols\pdb\Mono.Cecil.Pdb.csproj", "{63E6915C-7EA4-4D76-AB28-0D7191EEA626}"
EndProject
Project("{FAE04EC0-301F-11D3-BF4B-00C04F79EFBC}") = "Mono.Cecil.Mdb", "JustDecompileEngine\Mono.Cecil\symbols\mdb\Mono.Cecil.Mdb.csproj", "{8559DD7F-A16F-46D0-A05A-9139FAEBA8FD}"
EndProject
Project("{FAE04EC0-301F-11D3-BF4B-00C04F79EFBC}") = "JustDecompile.EngineInfrastructure", "JustDecompileEngine\EngineInfrastructure\JustDecompile.EngineInfrastructure.csproj", "{246289A4-53FD-4BB3-923A-08B1D3D905AA}"
EndProject
Project("{FAE04EC0-301F-11D3-BF4B-00C04F79EFBC}") = "JustDecompiler", "JustDecompileEngine\Cecil.Decompiler\JustDecompiler.csproj", "{ED1BE103-1699-4116-A732-616BEB142EB2}"
EndProject
Project("{FAE04EC0-301F-11D3-BF4B-00C04F79EFBC}") = "Tools.MSBuildProjectBuilder", "JustDecompileEngine\MSBuildProjectCreator\Tools.MSBuildProjectBuilder.csproj", "{F7BBB403-7142-4F8D-8E65-5ABA94502D3D}"
EndProject
Project("{2150E333-8FDC-42A3-9474-1A3956D46DE8}") = "JustDecompile", "JustDecompile", "{3DA4A002-14D3-4F48-A1A2-D52B3E9950CA}"
EndProject
Project("{FAE04EC0-301F-11D3-BF4B-00C04F79EFBC}") = "JustDecompileCmd", "JustDecompileEngine\JustDecompileCmdShell\JustDecompileCmd.csproj", "{E6B1469D-911C-4AFC-A0F8-1ED00886910B}"
EndProject
Global
	GlobalSection(SolutionConfigurationPlatforms) = preSolution
		.NET 3.5 Debug|Any CPU = .NET 3.5 Debug|Any CPU
		.NET 3.5 Debug|x86 = .NET 3.5 Debug|x86
		.NET 3.5 Release Server EngineOnly|Any CPU = .NET 3.5 Release Server EngineOnly|Any CPU
		.NET 3.5 Release Server EngineOnly|x86 = .NET 3.5 Release Server EngineOnly|x86
		Debug .NET 3.5|Any CPU = Debug .NET 3.5|Any CPU
		Debug .NET 3.5|x86 = Debug .NET 3.5|x86
		Debug EngineOnly|Any CPU = Debug EngineOnly|Any CPU
		Debug EngineOnly|x86 = Debug EngineOnly|x86
		Debug JustAssembly|Any CPU = Debug JustAssembly|Any CPU
		Debug JustAssembly|x86 = Debug JustAssembly|x86
		Debug|Any CPU = Debug|Any CPU
		Debug|x86 = Debug|x86
		GenerateProject|Any CPU = GenerateProject|Any CPU
		GenerateProject|x86 = GenerateProject|x86
		net_2_0_Debug|Any CPU = net_2_0_Debug|Any CPU
		net_2_0_Debug|x86 = net_2_0_Debug|x86
		net_2_0_Release|Any CPU = net_2_0_Release|Any CPU
		net_2_0_Release|x86 = net_2_0_Release|x86
		net_3_5_Debug|Any CPU = net_3_5_Debug|Any CPU
		net_3_5_Debug|x86 = net_3_5_Debug|x86
		net_3_5_Release|Any CPU = net_3_5_Release|Any CPU
		net_3_5_Release|x86 = net_3_5_Release|x86
		net_3_5_ReleaseServer|Any CPU = net_3_5_ReleaseServer|Any CPU
		net_3_5_ReleaseServer|x86 = net_3_5_ReleaseServer|x86
		net_4_0_Debug|Any CPU = net_4_0_Debug|Any CPU
		net_4_0_Debug|x86 = net_4_0_Debug|x86
		net_4_0_Release|Any CPU = net_4_0_Release|Any CPU
		net_4_0_Release|x86 = net_4_0_Release|x86
		NET3.5 Release Server EngineOnly|Any CPU = NET3.5 Release Server EngineOnly|Any CPU
		NET3.5 Release Server EngineOnly|x86 = NET3.5 Release Server EngineOnly|x86
		Release EngineOnly|Any CPU = Release EngineOnly|Any CPU
		Release EngineOnly|x86 = Release EngineOnly|x86
		Release JustAssembly|Any CPU = Release JustAssembly|Any CPU
		Release JustAssembly|x86 = Release JustAssembly|x86
		Release Server Engineonly|Any CPU = Release Server Engineonly|Any CPU
		Release Server Engineonly|x86 = Release Server Engineonly|x86
		Release Server JustAssembly|Any CPU = Release Server JustAssembly|Any CPU
		Release Server JustAssembly|x86 = Release Server JustAssembly|x86
		Release|Any CPU = Release|Any CPU
		Release|x86 = Release|x86
		silverlight_Debug|Any CPU = silverlight_Debug|Any CPU
		silverlight_Debug|x86 = silverlight_Debug|x86
		silverlight_Release|Any CPU = silverlight_Release|Any CPU
		silverlight_Release|x86 = silverlight_Release|x86
		winphone_Debug|Any CPU = winphone_Debug|Any CPU
		winphone_Debug|x86 = winphone_Debug|x86
		winphone_Release|Any CPU = winphone_Release|Any CPU
		winphone_Release|x86 = winphone_Release|x86
	EndGlobalSection
	GlobalSection(ProjectConfigurationPlatforms) = postSolution
		{F07BF2F8-EA32-4FC4-A867-12636D0CF616}..NET 3.5 Debug|Any CPU.ActiveCfg = Debug|Any CPU
		{F07BF2F8-EA32-4FC4-A867-12636D0CF616}..NET 3.5 Debug|Any CPU.Build.0 = Debug|Any CPU
		{F07BF2F8-EA32-4FC4-A867-12636D0CF616}..NET 3.5 Debug|x86.ActiveCfg = Debug|Any CPU
		{F07BF2F8-EA32-4FC4-A867-12636D0CF616}..NET 3.5 Debug|x86.Build.0 = Debug|Any CPU
		{F07BF2F8-EA32-4FC4-A867-12636D0CF616}..NET 3.5 Release Server EngineOnly|Any CPU.ActiveCfg = Release|Any CPU
		{F07BF2F8-EA32-4FC4-A867-12636D0CF616}..NET 3.5 Release Server EngineOnly|Any CPU.Build.0 = Release|Any CPU
		{F07BF2F8-EA32-4FC4-A867-12636D0CF616}..NET 3.5 Release Server EngineOnly|x86.ActiveCfg = Release|Any CPU
		{F07BF2F8-EA32-4FC4-A867-12636D0CF616}..NET 3.5 Release Server EngineOnly|x86.Build.0 = Release|Any CPU
		{F07BF2F8-EA32-4FC4-A867-12636D0CF616}.Debug .NET 3.5|Any CPU.ActiveCfg = Debug|Any CPU
		{F07BF2F8-EA32-4FC4-A867-12636D0CF616}.Debug .NET 3.5|Any CPU.Build.0 = Debug|Any CPU
		{F07BF2F8-EA32-4FC4-A867-12636D0CF616}.Debug .NET 3.5|x86.ActiveCfg = Debug|Any CPU
		{F07BF2F8-EA32-4FC4-A867-12636D0CF616}.Debug .NET 3.5|x86.Build.0 = Debug|Any CPU
		{F07BF2F8-EA32-4FC4-A867-12636D0CF616}.Debug EngineOnly|Any CPU.ActiveCfg = Debug|Any CPU
		{F07BF2F8-EA32-4FC4-A867-12636D0CF616}.Debug EngineOnly|Any CPU.Build.0 = Debug|Any CPU
		{F07BF2F8-EA32-4FC4-A867-12636D0CF616}.Debug EngineOnly|x86.ActiveCfg = Debug|Any CPU
		{F07BF2F8-EA32-4FC4-A867-12636D0CF616}.Debug EngineOnly|x86.Build.0 = Debug|Any CPU
		{F07BF2F8-EA32-4FC4-A867-12636D0CF616}.Debug JustAssembly|Any CPU.ActiveCfg = Debug|Any CPU
		{F07BF2F8-EA32-4FC4-A867-12636D0CF616}.Debug JustAssembly|Any CPU.Build.0 = Debug|Any CPU
		{F07BF2F8-EA32-4FC4-A867-12636D0CF616}.Debug JustAssembly|x86.ActiveCfg = Debug|Any CPU
		{F07BF2F8-EA32-4FC4-A867-12636D0CF616}.Debug JustAssembly|x86.Build.0 = Debug|Any CPU
		{F07BF2F8-EA32-4FC4-A867-12636D0CF616}.Debug|Any CPU.ActiveCfg = Debug|Any CPU
		{F07BF2F8-EA32-4FC4-A867-12636D0CF616}.Debug|Any CPU.Build.0 = Debug|Any CPU
		{F07BF2F8-EA32-4FC4-A867-12636D0CF616}.Debug|x86.ActiveCfg = Debug|Any CPU
		{F07BF2F8-EA32-4FC4-A867-12636D0CF616}.Debug|x86.Build.0 = Debug|Any CPU
		{F07BF2F8-EA32-4FC4-A867-12636D0CF616}.GenerateProject|Any CPU.ActiveCfg = Release|Any CPU
		{F07BF2F8-EA32-4FC4-A867-12636D0CF616}.GenerateProject|Any CPU.Build.0 = Release|Any CPU
		{F07BF2F8-EA32-4FC4-A867-12636D0CF616}.GenerateProject|x86.ActiveCfg = Release|Any CPU
		{F07BF2F8-EA32-4FC4-A867-12636D0CF616}.GenerateProject|x86.Build.0 = Release|Any CPU
		{F07BF2F8-EA32-4FC4-A867-12636D0CF616}.net_2_0_Debug|Any CPU.ActiveCfg = Debug|Any CPU
		{F07BF2F8-EA32-4FC4-A867-12636D0CF616}.net_2_0_Debug|Any CPU.Build.0 = Debug|Any CPU
		{F07BF2F8-EA32-4FC4-A867-12636D0CF616}.net_2_0_Debug|x86.ActiveCfg = Debug|Any CPU
		{F07BF2F8-EA32-4FC4-A867-12636D0CF616}.net_2_0_Debug|x86.Build.0 = Debug|Any CPU
		{F07BF2F8-EA32-4FC4-A867-12636D0CF616}.net_2_0_Release|Any CPU.ActiveCfg = Release|Any CPU
		{F07BF2F8-EA32-4FC4-A867-12636D0CF616}.net_2_0_Release|Any CPU.Build.0 = Release|Any CPU
		{F07BF2F8-EA32-4FC4-A867-12636D0CF616}.net_2_0_Release|x86.ActiveCfg = Release|Any CPU
		{F07BF2F8-EA32-4FC4-A867-12636D0CF616}.net_2_0_Release|x86.Build.0 = Release|Any CPU
		{F07BF2F8-EA32-4FC4-A867-12636D0CF616}.net_3_5_Debug|Any CPU.ActiveCfg = Debug|Any CPU
		{F07BF2F8-EA32-4FC4-A867-12636D0CF616}.net_3_5_Debug|Any CPU.Build.0 = Debug|Any CPU
		{F07BF2F8-EA32-4FC4-A867-12636D0CF616}.net_3_5_Debug|x86.ActiveCfg = Debug|Any CPU
		{F07BF2F8-EA32-4FC4-A867-12636D0CF616}.net_3_5_Debug|x86.Build.0 = Debug|Any CPU
		{F07BF2F8-EA32-4FC4-A867-12636D0CF616}.net_3_5_Release|Any CPU.ActiveCfg = Release|Any CPU
		{F07BF2F8-EA32-4FC4-A867-12636D0CF616}.net_3_5_Release|Any CPU.Build.0 = Release|Any CPU
		{F07BF2F8-EA32-4FC4-A867-12636D0CF616}.net_3_5_Release|x86.ActiveCfg = Release|Any CPU
		{F07BF2F8-EA32-4FC4-A867-12636D0CF616}.net_3_5_Release|x86.Build.0 = Release|Any CPU
		{F07BF2F8-EA32-4FC4-A867-12636D0CF616}.net_3_5_ReleaseServer|Any CPU.ActiveCfg = Release|Any CPU
		{F07BF2F8-EA32-4FC4-A867-12636D0CF616}.net_3_5_ReleaseServer|Any CPU.Build.0 = Release|Any CPU
		{F07BF2F8-EA32-4FC4-A867-12636D0CF616}.net_3_5_ReleaseServer|x86.ActiveCfg = Release|Any CPU
		{F07BF2F8-EA32-4FC4-A867-12636D0CF616}.net_3_5_ReleaseServer|x86.Build.0 = Release|Any CPU
		{F07BF2F8-EA32-4FC4-A867-12636D0CF616}.net_4_0_Debug|Any CPU.ActiveCfg = Debug|Any CPU
		{F07BF2F8-EA32-4FC4-A867-12636D0CF616}.net_4_0_Debug|Any CPU.Build.0 = Debug|Any CPU
		{F07BF2F8-EA32-4FC4-A867-12636D0CF616}.net_4_0_Debug|x86.ActiveCfg = Debug|Any CPU
		{F07BF2F8-EA32-4FC4-A867-12636D0CF616}.net_4_0_Debug|x86.Build.0 = Debug|Any CPU
		{F07BF2F8-EA32-4FC4-A867-12636D0CF616}.net_4_0_Release|Any CPU.ActiveCfg = Release|Any CPU
		{F07BF2F8-EA32-4FC4-A867-12636D0CF616}.net_4_0_Release|Any CPU.Build.0 = Release|Any CPU
		{F07BF2F8-EA32-4FC4-A867-12636D0CF616}.net_4_0_Release|x86.ActiveCfg = Release|Any CPU
		{F07BF2F8-EA32-4FC4-A867-12636D0CF616}.net_4_0_Release|x86.Build.0 = Release|Any CPU
		{F07BF2F8-EA32-4FC4-A867-12636D0CF616}.NET3.5 Release Server EngineOnly|Any CPU.ActiveCfg = Release|Any CPU
		{F07BF2F8-EA32-4FC4-A867-12636D0CF616}.NET3.5 Release Server EngineOnly|Any CPU.Build.0 = Release|Any CPU
		{F07BF2F8-EA32-4FC4-A867-12636D0CF616}.NET3.5 Release Server EngineOnly|x86.ActiveCfg = Release|Any CPU
		{F07BF2F8-EA32-4FC4-A867-12636D0CF616}.NET3.5 Release Server EngineOnly|x86.Build.0 = Release|Any CPU
		{F07BF2F8-EA32-4FC4-A867-12636D0CF616}.Release EngineOnly|Any CPU.ActiveCfg = Release|Any CPU
		{F07BF2F8-EA32-4FC4-A867-12636D0CF616}.Release EngineOnly|Any CPU.Build.0 = Release|Any CPU
		{F07BF2F8-EA32-4FC4-A867-12636D0CF616}.Release EngineOnly|x86.ActiveCfg = Release|Any CPU
		{F07BF2F8-EA32-4FC4-A867-12636D0CF616}.Release EngineOnly|x86.Build.0 = Release|Any CPU
		{F07BF2F8-EA32-4FC4-A867-12636D0CF616}.Release JustAssembly|Any CPU.ActiveCfg = Release|Any CPU
		{F07BF2F8-EA32-4FC4-A867-12636D0CF616}.Release JustAssembly|Any CPU.Build.0 = Release|Any CPU
		{F07BF2F8-EA32-4FC4-A867-12636D0CF616}.Release JustAssembly|x86.ActiveCfg = Release|Any CPU
		{F07BF2F8-EA32-4FC4-A867-12636D0CF616}.Release JustAssembly|x86.Build.0 = Release|Any CPU
		{F07BF2F8-EA32-4FC4-A867-12636D0CF616}.Release Server Engineonly|Any CPU.ActiveCfg = Release|Any CPU
		{F07BF2F8-EA32-4FC4-A867-12636D0CF616}.Release Server Engineonly|Any CPU.Build.0 = Release|Any CPU
		{F07BF2F8-EA32-4FC4-A867-12636D0CF616}.Release Server Engineonly|x86.ActiveCfg = Release|Any CPU
		{F07BF2F8-EA32-4FC4-A867-12636D0CF616}.Release Server Engineonly|x86.Build.0 = Release|Any CPU
		{F07BF2F8-EA32-4FC4-A867-12636D0CF616}.Release Server JustAssembly|Any CPU.ActiveCfg = Release|Any CPU
		{F07BF2F8-EA32-4FC4-A867-12636D0CF616}.Release Server JustAssembly|Any CPU.Build.0 = Release|Any CPU
		{F07BF2F8-EA32-4FC4-A867-12636D0CF616}.Release Server JustAssembly|x86.ActiveCfg = Release|Any CPU
		{F07BF2F8-EA32-4FC4-A867-12636D0CF616}.Release Server JustAssembly|x86.Build.0 = Release|Any CPU
		{F07BF2F8-EA32-4FC4-A867-12636D0CF616}.Release|Any CPU.ActiveCfg = Release|Any CPU
		{F07BF2F8-EA32-4FC4-A867-12636D0CF616}.Release|Any CPU.Build.0 = Release|Any CPU
		{F07BF2F8-EA32-4FC4-A867-12636D0CF616}.Release|x86.ActiveCfg = Release|Any CPU
		{F07BF2F8-EA32-4FC4-A867-12636D0CF616}.Release|x86.Build.0 = Release|Any CPU
		{F07BF2F8-EA32-4FC4-A867-12636D0CF616}.silverlight_Debug|Any CPU.ActiveCfg = Debug|Any CPU
		{F07BF2F8-EA32-4FC4-A867-12636D0CF616}.silverlight_Debug|Any CPU.Build.0 = Debug|Any CPU
		{F07BF2F8-EA32-4FC4-A867-12636D0CF616}.silverlight_Debug|x86.ActiveCfg = Debug|Any CPU
		{F07BF2F8-EA32-4FC4-A867-12636D0CF616}.silverlight_Debug|x86.Build.0 = Debug|Any CPU
		{F07BF2F8-EA32-4FC4-A867-12636D0CF616}.silverlight_Release|Any CPU.ActiveCfg = Release|Any CPU
		{F07BF2F8-EA32-4FC4-A867-12636D0CF616}.silverlight_Release|Any CPU.Build.0 = Release|Any CPU
		{F07BF2F8-EA32-4FC4-A867-12636D0CF616}.silverlight_Release|x86.ActiveCfg = Release|Any CPU
		{F07BF2F8-EA32-4FC4-A867-12636D0CF616}.silverlight_Release|x86.Build.0 = Release|Any CPU
		{F07BF2F8-EA32-4FC4-A867-12636D0CF616}.winphone_Debug|Any CPU.ActiveCfg = Debug|Any CPU
		{F07BF2F8-EA32-4FC4-A867-12636D0CF616}.winphone_Debug|Any CPU.Build.0 = Debug|Any CPU
		{F07BF2F8-EA32-4FC4-A867-12636D0CF616}.winphone_Debug|x86.ActiveCfg = Debug|Any CPU
		{F07BF2F8-EA32-4FC4-A867-12636D0CF616}.winphone_Debug|x86.Build.0 = Debug|Any CPU
		{F07BF2F8-EA32-4FC4-A867-12636D0CF616}.winphone_Release|Any CPU.ActiveCfg = Release|Any CPU
		{F07BF2F8-EA32-4FC4-A867-12636D0CF616}.winphone_Release|Any CPU.Build.0 = Release|Any CPU
		{F07BF2F8-EA32-4FC4-A867-12636D0CF616}.winphone_Release|x86.ActiveCfg = Release|Any CPU
		{F07BF2F8-EA32-4FC4-A867-12636D0CF616}.winphone_Release|x86.Build.0 = Release|Any CPU
		{D68133BD-1E63-496E-9EDE-4FBDBF77B486}..NET 3.5 Debug|Any CPU.ActiveCfg = Release Server JustAssembly|Any CPU
		{D68133BD-1E63-496E-9EDE-4FBDBF77B486}..NET 3.5 Debug|Any CPU.Build.0 = Release Server JustAssembly|Any CPU
		{D68133BD-1E63-496E-9EDE-4FBDBF77B486}..NET 3.5 Debug|x86.ActiveCfg = Release Server JustAssembly|Any CPU
		{D68133BD-1E63-496E-9EDE-4FBDBF77B486}..NET 3.5 Debug|x86.Build.0 = Release Server JustAssembly|Any CPU
		{D68133BD-1E63-496E-9EDE-4FBDBF77B486}..NET 3.5 Release Server EngineOnly|Any CPU.ActiveCfg = Release Server JustAssembly|Any CPU
		{D68133BD-1E63-496E-9EDE-4FBDBF77B486}..NET 3.5 Release Server EngineOnly|Any CPU.Build.0 = Release Server JustAssembly|Any CPU
		{D68133BD-1E63-496E-9EDE-4FBDBF77B486}..NET 3.5 Release Server EngineOnly|x86.ActiveCfg = Release Server JustAssembly|Any CPU
		{D68133BD-1E63-496E-9EDE-4FBDBF77B486}..NET 3.5 Release Server EngineOnly|x86.Build.0 = Release Server JustAssembly|Any CPU
		{D68133BD-1E63-496E-9EDE-4FBDBF77B486}.Debug .NET 3.5|Any CPU.ActiveCfg = Debug JustAssembly|Any CPU
		{D68133BD-1E63-496E-9EDE-4FBDBF77B486}.Debug .NET 3.5|Any CPU.Build.0 = Debug JustAssembly|Any CPU
		{D68133BD-1E63-496E-9EDE-4FBDBF77B486}.Debug .NET 3.5|x86.ActiveCfg = Debug JustAssembly|Any CPU
		{D68133BD-1E63-496E-9EDE-4FBDBF77B486}.Debug .NET 3.5|x86.Build.0 = Debug JustAssembly|Any CPU
		{D68133BD-1E63-496E-9EDE-4FBDBF77B486}.Debug EngineOnly|Any CPU.ActiveCfg = Debug EngineOnly|Any CPU
		{D68133BD-1E63-496E-9EDE-4FBDBF77B486}.Debug EngineOnly|Any CPU.Build.0 = Debug EngineOnly|Any CPU
		{D68133BD-1E63-496E-9EDE-4FBDBF77B486}.Debug EngineOnly|x86.ActiveCfg = Debug EngineOnly|Any CPU
		{D68133BD-1E63-496E-9EDE-4FBDBF77B486}.Debug EngineOnly|x86.Build.0 = Debug EngineOnly|Any CPU
		{D68133BD-1E63-496E-9EDE-4FBDBF77B486}.Debug JustAssembly|Any CPU.ActiveCfg = Debug JustAssembly|Any CPU
		{D68133BD-1E63-496E-9EDE-4FBDBF77B486}.Debug JustAssembly|Any CPU.Build.0 = Debug JustAssembly|Any CPU
		{D68133BD-1E63-496E-9EDE-4FBDBF77B486}.Debug JustAssembly|x86.ActiveCfg = Debug JustAssembly|Any CPU
		{D68133BD-1E63-496E-9EDE-4FBDBF77B486}.Debug JustAssembly|x86.Build.0 = Debug JustAssembly|Any CPU
		{D68133BD-1E63-496E-9EDE-4FBDBF77B486}.Debug|Any CPU.ActiveCfg = Debug EngineOnly|Any CPU
		{D68133BD-1E63-496E-9EDE-4FBDBF77B486}.Debug|Any CPU.Build.0 = Debug EngineOnly|Any CPU
		{D68133BD-1E63-496E-9EDE-4FBDBF77B486}.Debug|x86.ActiveCfg = winphone_Debug|Any CPU
		{D68133BD-1E63-496E-9EDE-4FBDBF77B486}.Debug|x86.Build.0 = winphone_Debug|Any CPU
		{D68133BD-1E63-496E-9EDE-4FBDBF77B486}.GenerateProject|Any CPU.ActiveCfg = Release Server JustAssembly|Any CPU
		{D68133BD-1E63-496E-9EDE-4FBDBF77B486}.GenerateProject|Any CPU.Build.0 = Release Server JustAssembly|Any CPU
		{D68133BD-1E63-496E-9EDE-4FBDBF77B486}.GenerateProject|x86.ActiveCfg = Release Server JustAssembly|Any CPU
		{D68133BD-1E63-496E-9EDE-4FBDBF77B486}.GenerateProject|x86.Build.0 = Release Server JustAssembly|Any CPU
		{D68133BD-1E63-496E-9EDE-4FBDBF77B486}.net_2_0_Debug|Any CPU.ActiveCfg = net_2_0_Debug|Any CPU
		{D68133BD-1E63-496E-9EDE-4FBDBF77B486}.net_2_0_Debug|Any CPU.Build.0 = net_2_0_Debug|Any CPU
		{D68133BD-1E63-496E-9EDE-4FBDBF77B486}.net_2_0_Debug|x86.ActiveCfg = net_2_0_Debug|Any CPU
		{D68133BD-1E63-496E-9EDE-4FBDBF77B486}.net_2_0_Debug|x86.Build.0 = net_2_0_Debug|Any CPU
		{D68133BD-1E63-496E-9EDE-4FBDBF77B486}.net_2_0_Release|Any CPU.ActiveCfg = net_2_0_Release|Any CPU
		{D68133BD-1E63-496E-9EDE-4FBDBF77B486}.net_2_0_Release|Any CPU.Build.0 = net_2_0_Release|Any CPU
		{D68133BD-1E63-496E-9EDE-4FBDBF77B486}.net_2_0_Release|x86.ActiveCfg = net_2_0_Release|Any CPU
		{D68133BD-1E63-496E-9EDE-4FBDBF77B486}.net_2_0_Release|x86.Build.0 = net_2_0_Release|Any CPU
		{D68133BD-1E63-496E-9EDE-4FBDBF77B486}.net_3_5_Debug|Any CPU.ActiveCfg = net_3_5_Debug|Any CPU
		{D68133BD-1E63-496E-9EDE-4FBDBF77B486}.net_3_5_Debug|Any CPU.Build.0 = net_3_5_Debug|Any CPU
		{D68133BD-1E63-496E-9EDE-4FBDBF77B486}.net_3_5_Debug|x86.ActiveCfg = net_3_5_Debug|Any CPU
		{D68133BD-1E63-496E-9EDE-4FBDBF77B486}.net_3_5_Debug|x86.Build.0 = net_3_5_Debug|Any CPU
		{D68133BD-1E63-496E-9EDE-4FBDBF77B486}.net_3_5_Release|Any CPU.ActiveCfg = net_3_5_Release|Any CPU
		{D68133BD-1E63-496E-9EDE-4FBDBF77B486}.net_3_5_Release|Any CPU.Build.0 = net_3_5_Release|Any CPU
		{D68133BD-1E63-496E-9EDE-4FBDBF77B486}.net_3_5_Release|x86.ActiveCfg = net_3_5_Release|Any CPU
		{D68133BD-1E63-496E-9EDE-4FBDBF77B486}.net_3_5_Release|x86.Build.0 = net_3_5_Release|Any CPU
		{D68133BD-1E63-496E-9EDE-4FBDBF77B486}.net_3_5_ReleaseServer|Any CPU.ActiveCfg = net_3_5_ReleaseServer|Any CPU
		{D68133BD-1E63-496E-9EDE-4FBDBF77B486}.net_3_5_ReleaseServer|Any CPU.Build.0 = net_3_5_ReleaseServer|Any CPU
		{D68133BD-1E63-496E-9EDE-4FBDBF77B486}.net_3_5_ReleaseServer|x86.ActiveCfg = net_3_5_ReleaseServer|Any CPU
		{D68133BD-1E63-496E-9EDE-4FBDBF77B486}.net_3_5_ReleaseServer|x86.Build.0 = net_3_5_ReleaseServer|Any CPU
		{D68133BD-1E63-496E-9EDE-4FBDBF77B486}.net_4_0_Debug|Any CPU.ActiveCfg = net_4_0_Debug|Any CPU
		{D68133BD-1E63-496E-9EDE-4FBDBF77B486}.net_4_0_Debug|Any CPU.Build.0 = net_4_0_Debug|Any CPU
		{D68133BD-1E63-496E-9EDE-4FBDBF77B486}.net_4_0_Debug|x86.ActiveCfg = net_4_0_Debug|Any CPU
		{D68133BD-1E63-496E-9EDE-4FBDBF77B486}.net_4_0_Debug|x86.Build.0 = net_4_0_Debug|Any CPU
		{D68133BD-1E63-496E-9EDE-4FBDBF77B486}.net_4_0_Release|Any CPU.ActiveCfg = net_4_0_Release|Any CPU
		{D68133BD-1E63-496E-9EDE-4FBDBF77B486}.net_4_0_Release|Any CPU.Build.0 = net_4_0_Release|Any CPU
		{D68133BD-1E63-496E-9EDE-4FBDBF77B486}.net_4_0_Release|x86.ActiveCfg = net_4_0_Release|Any CPU
		{D68133BD-1E63-496E-9EDE-4FBDBF77B486}.net_4_0_Release|x86.Build.0 = net_4_0_Release|Any CPU
		{D68133BD-1E63-496E-9EDE-4FBDBF77B486}.NET3.5 Release Server EngineOnly|Any CPU.ActiveCfg = net_4_0_Release|Any CPU
		{D68133BD-1E63-496E-9EDE-4FBDBF77B486}.NET3.5 Release Server EngineOnly|Any CPU.Build.0 = net_4_0_Release|Any CPU
		{D68133BD-1E63-496E-9EDE-4FBDBF77B486}.NET3.5 Release Server EngineOnly|x86.ActiveCfg = net_4_0_Release|Any CPU
		{D68133BD-1E63-496E-9EDE-4FBDBF77B486}.NET3.5 Release Server EngineOnly|x86.Build.0 = net_4_0_Release|Any CPU
		{D68133BD-1E63-496E-9EDE-4FBDBF77B486}.Release EngineOnly|Any CPU.ActiveCfg = Release EngineOnly|Any CPU
		{D68133BD-1E63-496E-9EDE-4FBDBF77B486}.Release EngineOnly|Any CPU.Build.0 = Release EngineOnly|Any CPU
		{D68133BD-1E63-496E-9EDE-4FBDBF77B486}.Release EngineOnly|x86.ActiveCfg = Release EngineOnly|Any CPU
		{D68133BD-1E63-496E-9EDE-4FBDBF77B486}.Release EngineOnly|x86.Build.0 = Release EngineOnly|Any CPU
		{D68133BD-1E63-496E-9EDE-4FBDBF77B486}.Release JustAssembly|Any CPU.ActiveCfg = Release JustAssembly|Any CPU
		{D68133BD-1E63-496E-9EDE-4FBDBF77B486}.Release JustAssembly|Any CPU.Build.0 = Release JustAssembly|Any CPU
		{D68133BD-1E63-496E-9EDE-4FBDBF77B486}.Release JustAssembly|x86.ActiveCfg = Release JustAssembly|Any CPU
		{D68133BD-1E63-496E-9EDE-4FBDBF77B486}.Release JustAssembly|x86.Build.0 = Release JustAssembly|Any CPU
		{D68133BD-1E63-496E-9EDE-4FBDBF77B486}.Release Server Engineonly|Any CPU.ActiveCfg = Release Server JustAssembly|Any CPU
		{D68133BD-1E63-496E-9EDE-4FBDBF77B486}.Release Server Engineonly|Any CPU.Build.0 = Release Server JustAssembly|Any CPU
		{D68133BD-1E63-496E-9EDE-4FBDBF77B486}.Release Server Engineonly|x86.ActiveCfg = Release Server JustAssembly|Any CPU
		{D68133BD-1E63-496E-9EDE-4FBDBF77B486}.Release Server Engineonly|x86.Build.0 = Release Server JustAssembly|Any CPU
		{D68133BD-1E63-496E-9EDE-4FBDBF77B486}.Release Server JustAssembly|Any CPU.ActiveCfg = Release Server JustAssembly|Any CPU
		{D68133BD-1E63-496E-9EDE-4FBDBF77B486}.Release Server JustAssembly|Any CPU.Build.0 = Release Server JustAssembly|Any CPU
		{D68133BD-1E63-496E-9EDE-4FBDBF77B486}.Release Server JustAssembly|x86.ActiveCfg = Release Server JustAssembly|Any CPU
		{D68133BD-1E63-496E-9EDE-4FBDBF77B486}.Release Server JustAssembly|x86.Build.0 = Release Server JustAssembly|Any CPU
		{D68133BD-1E63-496E-9EDE-4FBDBF77B486}.Release|Any CPU.ActiveCfg = Release Server JustAssembly|Any CPU
		{D68133BD-1E63-496E-9EDE-4FBDBF77B486}.Release|Any CPU.Build.0 = Release Server JustAssembly|Any CPU
		{D68133BD-1E63-496E-9EDE-4FBDBF77B486}.Release|x86.ActiveCfg = Release Server JustAssembly|Any CPU
		{D68133BD-1E63-496E-9EDE-4FBDBF77B486}.Release|x86.Build.0 = Release Server JustAssembly|Any CPU
		{D68133BD-1E63-496E-9EDE-4FBDBF77B486}.silverlight_Debug|Any CPU.ActiveCfg = silverlight_Debug|Any CPU
		{D68133BD-1E63-496E-9EDE-4FBDBF77B486}.silverlight_Debug|Any CPU.Build.0 = silverlight_Debug|Any CPU
		{D68133BD-1E63-496E-9EDE-4FBDBF77B486}.silverlight_Debug|x86.ActiveCfg = silverlight_Debug|Any CPU
		{D68133BD-1E63-496E-9EDE-4FBDBF77B486}.silverlight_Debug|x86.Build.0 = silverlight_Debug|Any CPU
		{D68133BD-1E63-496E-9EDE-4FBDBF77B486}.silverlight_Release|Any CPU.ActiveCfg = silverlight_Release|Any CPU
		{D68133BD-1E63-496E-9EDE-4FBDBF77B486}.silverlight_Release|Any CPU.Build.0 = silverlight_Release|Any CPU
		{D68133BD-1E63-496E-9EDE-4FBDBF77B486}.silverlight_Release|x86.ActiveCfg = silverlight_Release|Any CPU
		{D68133BD-1E63-496E-9EDE-4FBDBF77B486}.silverlight_Release|x86.Build.0 = silverlight_Release|Any CPU
		{D68133BD-1E63-496E-9EDE-4FBDBF77B486}.winphone_Debug|Any CPU.ActiveCfg = winphone_Debug|Any CPU
		{D68133BD-1E63-496E-9EDE-4FBDBF77B486}.winphone_Debug|Any CPU.Build.0 = winphone_Debug|Any CPU
		{D68133BD-1E63-496E-9EDE-4FBDBF77B486}.winphone_Debug|x86.ActiveCfg = winphone_Debug|Any CPU
		{D68133BD-1E63-496E-9EDE-4FBDBF77B486}.winphone_Debug|x86.Build.0 = winphone_Debug|Any CPU
		{D68133BD-1E63-496E-9EDE-4FBDBF77B486}.winphone_Release|Any CPU.ActiveCfg = winphone_Release|Any CPU
		{D68133BD-1E63-496E-9EDE-4FBDBF77B486}.winphone_Release|Any CPU.Build.0 = winphone_Release|Any CPU
		{D68133BD-1E63-496E-9EDE-4FBDBF77B486}.winphone_Release|x86.ActiveCfg = winphone_Release|Any CPU
		{D68133BD-1E63-496E-9EDE-4FBDBF77B486}.winphone_Release|x86.Build.0 = winphone_Release|Any CPU
		{63E6915C-7EA4-4D76-AB28-0D7191EEA626}..NET 3.5 Debug|Any CPU.ActiveCfg = Release Server JustAssembly|Any CPU
		{63E6915C-7EA4-4D76-AB28-0D7191EEA626}..NET 3.5 Debug|Any CPU.Build.0 = Release Server JustAssembly|Any CPU
		{63E6915C-7EA4-4D76-AB28-0D7191EEA626}..NET 3.5 Debug|x86.ActiveCfg = Release Server JustAssembly|Any CPU
		{63E6915C-7EA4-4D76-AB28-0D7191EEA626}..NET 3.5 Debug|x86.Build.0 = Release Server JustAssembly|Any CPU
		{63E6915C-7EA4-4D76-AB28-0D7191EEA626}..NET 3.5 Release Server EngineOnly|Any CPU.ActiveCfg = Release Server JustAssembly|Any CPU
		{63E6915C-7EA4-4D76-AB28-0D7191EEA626}..NET 3.5 Release Server EngineOnly|Any CPU.Build.0 = Release Server JustAssembly|Any CPU
		{63E6915C-7EA4-4D76-AB28-0D7191EEA626}..NET 3.5 Release Server EngineOnly|x86.ActiveCfg = Release Server JustAssembly|Any CPU
		{63E6915C-7EA4-4D76-AB28-0D7191EEA626}..NET 3.5 Release Server EngineOnly|x86.Build.0 = Release Server JustAssembly|Any CPU
		{63E6915C-7EA4-4D76-AB28-0D7191EEA626}.Debug .NET 3.5|Any CPU.ActiveCfg = Debug JustAssembly|Any CPU
		{63E6915C-7EA4-4D76-AB28-0D7191EEA626}.Debug .NET 3.5|Any CPU.Build.0 = Debug JustAssembly|Any CPU
		{63E6915C-7EA4-4D76-AB28-0D7191EEA626}.Debug .NET 3.5|x86.ActiveCfg = Debug JustAssembly|Any CPU
		{63E6915C-7EA4-4D76-AB28-0D7191EEA626}.Debug .NET 3.5|x86.Build.0 = Debug JustAssembly|Any CPU
		{63E6915C-7EA4-4D76-AB28-0D7191EEA626}.Debug EngineOnly|Any CPU.ActiveCfg = Debug EngineOnly|Any CPU
		{63E6915C-7EA4-4D76-AB28-0D7191EEA626}.Debug EngineOnly|Any CPU.Build.0 = Debug EngineOnly|Any CPU
		{63E6915C-7EA4-4D76-AB28-0D7191EEA626}.Debug EngineOnly|x86.ActiveCfg = Debug EngineOnly|Any CPU
		{63E6915C-7EA4-4D76-AB28-0D7191EEA626}.Debug EngineOnly|x86.Build.0 = Debug EngineOnly|Any CPU
		{63E6915C-7EA4-4D76-AB28-0D7191EEA626}.Debug JustAssembly|Any CPU.ActiveCfg = Debug JustAssembly|Any CPU
		{63E6915C-7EA4-4D76-AB28-0D7191EEA626}.Debug JustAssembly|Any CPU.Build.0 = Debug JustAssembly|Any CPU
		{63E6915C-7EA4-4D76-AB28-0D7191EEA626}.Debug JustAssembly|x86.ActiveCfg = Debug JustAssembly|Any CPU
		{63E6915C-7EA4-4D76-AB28-0D7191EEA626}.Debug JustAssembly|x86.Build.0 = Debug JustAssembly|Any CPU
		{63E6915C-7EA4-4D76-AB28-0D7191EEA626}.Debug|Any CPU.ActiveCfg = Debug EngineOnly|Any CPU
		{63E6915C-7EA4-4D76-AB28-0D7191EEA626}.Debug|Any CPU.Build.0 = Debug EngineOnly|Any CPU
		{63E6915C-7EA4-4D76-AB28-0D7191EEA626}.Debug|x86.ActiveCfg = net_4_0_Debug|Any CPU
		{63E6915C-7EA4-4D76-AB28-0D7191EEA626}.Debug|x86.Build.0 = net_4_0_Debug|Any CPU
		{63E6915C-7EA4-4D76-AB28-0D7191EEA626}.GenerateProject|Any CPU.ActiveCfg = Release Server JustAssembly|Any CPU
		{63E6915C-7EA4-4D76-AB28-0D7191EEA626}.GenerateProject|Any CPU.Build.0 = Release Server JustAssembly|Any CPU
		{63E6915C-7EA4-4D76-AB28-0D7191EEA626}.GenerateProject|x86.ActiveCfg = Release Server JustAssembly|Any CPU
		{63E6915C-7EA4-4D76-AB28-0D7191EEA626}.GenerateProject|x86.Build.0 = Release Server JustAssembly|Any CPU
		{63E6915C-7EA4-4D76-AB28-0D7191EEA626}.net_2_0_Debug|Any CPU.ActiveCfg = net_2_0_Debug|Any CPU
		{63E6915C-7EA4-4D76-AB28-0D7191EEA626}.net_2_0_Debug|Any CPU.Build.0 = net_2_0_Debug|Any CPU
		{63E6915C-7EA4-4D76-AB28-0D7191EEA626}.net_2_0_Debug|x86.ActiveCfg = net_2_0_Debug|Any CPU
		{63E6915C-7EA4-4D76-AB28-0D7191EEA626}.net_2_0_Debug|x86.Build.0 = net_2_0_Debug|Any CPU
		{63E6915C-7EA4-4D76-AB28-0D7191EEA626}.net_2_0_Release|Any CPU.ActiveCfg = net_2_0_Release|Any CPU
		{63E6915C-7EA4-4D76-AB28-0D7191EEA626}.net_2_0_Release|Any CPU.Build.0 = net_2_0_Release|Any CPU
		{63E6915C-7EA4-4D76-AB28-0D7191EEA626}.net_2_0_Release|x86.ActiveCfg = net_2_0_Release|Any CPU
		{63E6915C-7EA4-4D76-AB28-0D7191EEA626}.net_2_0_Release|x86.Build.0 = net_2_0_Release|Any CPU
		{63E6915C-7EA4-4D76-AB28-0D7191EEA626}.net_3_5_Debug|Any CPU.ActiveCfg = net_3_5_Debug|Any CPU
		{63E6915C-7EA4-4D76-AB28-0D7191EEA626}.net_3_5_Debug|Any CPU.Build.0 = net_3_5_Debug|Any CPU
		{63E6915C-7EA4-4D76-AB28-0D7191EEA626}.net_3_5_Debug|x86.ActiveCfg = net_3_5_Debug|Any CPU
		{63E6915C-7EA4-4D76-AB28-0D7191EEA626}.net_3_5_Debug|x86.Build.0 = net_3_5_Debug|Any CPU
		{63E6915C-7EA4-4D76-AB28-0D7191EEA626}.net_3_5_Release|Any CPU.ActiveCfg = net_3_5_Release|Any CPU
		{63E6915C-7EA4-4D76-AB28-0D7191EEA626}.net_3_5_Release|Any CPU.Build.0 = net_3_5_Release|Any CPU
		{63E6915C-7EA4-4D76-AB28-0D7191EEA626}.net_3_5_Release|x86.ActiveCfg = net_3_5_Release|Any CPU
		{63E6915C-7EA4-4D76-AB28-0D7191EEA626}.net_3_5_Release|x86.Build.0 = net_3_5_Release|Any CPU
		{63E6915C-7EA4-4D76-AB28-0D7191EEA626}.net_3_5_ReleaseServer|Any CPU.ActiveCfg = net_3_5_ReleaseServer|Any CPU
		{63E6915C-7EA4-4D76-AB28-0D7191EEA626}.net_3_5_ReleaseServer|Any CPU.Build.0 = net_3_5_ReleaseServer|Any CPU
		{63E6915C-7EA4-4D76-AB28-0D7191EEA626}.net_3_5_ReleaseServer|x86.ActiveCfg = net_3_5_ReleaseServer|Any CPU
		{63E6915C-7EA4-4D76-AB28-0D7191EEA626}.net_3_5_ReleaseServer|x86.Build.0 = net_3_5_ReleaseServer|Any CPU
		{63E6915C-7EA4-4D76-AB28-0D7191EEA626}.net_4_0_Debug|Any CPU.ActiveCfg = net_4_0_Debug|Any CPU
		{63E6915C-7EA4-4D76-AB28-0D7191EEA626}.net_4_0_Debug|Any CPU.Build.0 = net_4_0_Debug|Any CPU
		{63E6915C-7EA4-4D76-AB28-0D7191EEA626}.net_4_0_Debug|x86.ActiveCfg = net_4_0_Debug|Any CPU
		{63E6915C-7EA4-4D76-AB28-0D7191EEA626}.net_4_0_Debug|x86.Build.0 = net_4_0_Debug|Any CPU
		{63E6915C-7EA4-4D76-AB28-0D7191EEA626}.net_4_0_Release|Any CPU.ActiveCfg = net_4_0_Release|Any CPU
		{63E6915C-7EA4-4D76-AB28-0D7191EEA626}.net_4_0_Release|Any CPU.Build.0 = net_4_0_Release|Any CPU
		{63E6915C-7EA4-4D76-AB28-0D7191EEA626}.net_4_0_Release|x86.ActiveCfg = net_4_0_Release|Any CPU
		{63E6915C-7EA4-4D76-AB28-0D7191EEA626}.net_4_0_Release|x86.Build.0 = net_4_0_Release|Any CPU
		{63E6915C-7EA4-4D76-AB28-0D7191EEA626}.NET3.5 Release Server EngineOnly|Any CPU.ActiveCfg = net_4_0_Release|Any CPU
		{63E6915C-7EA4-4D76-AB28-0D7191EEA626}.NET3.5 Release Server EngineOnly|Any CPU.Build.0 = net_4_0_Release|Any CPU
		{63E6915C-7EA4-4D76-AB28-0D7191EEA626}.NET3.5 Release Server EngineOnly|x86.ActiveCfg = net_4_0_Release|Any CPU
		{63E6915C-7EA4-4D76-AB28-0D7191EEA626}.NET3.5 Release Server EngineOnly|x86.Build.0 = net_4_0_Release|Any CPU
		{63E6915C-7EA4-4D76-AB28-0D7191EEA626}.Release EngineOnly|Any CPU.ActiveCfg = Release EngineOnly|Any CPU
		{63E6915C-7EA4-4D76-AB28-0D7191EEA626}.Release EngineOnly|Any CPU.Build.0 = Release EngineOnly|Any CPU
		{63E6915C-7EA4-4D76-AB28-0D7191EEA626}.Release EngineOnly|x86.ActiveCfg = Release EngineOnly|Any CPU
		{63E6915C-7EA4-4D76-AB28-0D7191EEA626}.Release EngineOnly|x86.Build.0 = Release EngineOnly|Any CPU
		{63E6915C-7EA4-4D76-AB28-0D7191EEA626}.Release JustAssembly|Any CPU.ActiveCfg = Release JustAssembly|Any CPU
		{63E6915C-7EA4-4D76-AB28-0D7191EEA626}.Release JustAssembly|Any CPU.Build.0 = Release JustAssembly|Any CPU
		{63E6915C-7EA4-4D76-AB28-0D7191EEA626}.Release JustAssembly|x86.ActiveCfg = Release JustAssembly|Any CPU
		{63E6915C-7EA4-4D76-AB28-0D7191EEA626}.Release JustAssembly|x86.Build.0 = Release JustAssembly|Any CPU
		{63E6915C-7EA4-4D76-AB28-0D7191EEA626}.Release Server Engineonly|Any CPU.ActiveCfg = Release Server JustAssembly|Any CPU
		{63E6915C-7EA4-4D76-AB28-0D7191EEA626}.Release Server Engineonly|Any CPU.Build.0 = Release Server JustAssembly|Any CPU
		{63E6915C-7EA4-4D76-AB28-0D7191EEA626}.Release Server Engineonly|x86.ActiveCfg = Release Server JustAssembly|Any CPU
		{63E6915C-7EA4-4D76-AB28-0D7191EEA626}.Release Server Engineonly|x86.Build.0 = Release Server JustAssembly|Any CPU
		{63E6915C-7EA4-4D76-AB28-0D7191EEA626}.Release Server JustAssembly|Any CPU.ActiveCfg = Release Server JustAssembly|Any CPU
		{63E6915C-7EA4-4D76-AB28-0D7191EEA626}.Release Server JustAssembly|Any CPU.Build.0 = Release Server JustAssembly|Any CPU
		{63E6915C-7EA4-4D76-AB28-0D7191EEA626}.Release Server JustAssembly|x86.ActiveCfg = Release Server JustAssembly|Any CPU
		{63E6915C-7EA4-4D76-AB28-0D7191EEA626}.Release Server JustAssembly|x86.Build.0 = Release Server JustAssembly|Any CPU
		{63E6915C-7EA4-4D76-AB28-0D7191EEA626}.Release|Any CPU.ActiveCfg = Release Server JustAssembly|Any CPU
		{63E6915C-7EA4-4D76-AB28-0D7191EEA626}.Release|Any CPU.Build.0 = Release Server JustAssembly|Any CPU
		{63E6915C-7EA4-4D76-AB28-0D7191EEA626}.Release|x86.ActiveCfg = Release Server JustAssembly|Any CPU
		{63E6915C-7EA4-4D76-AB28-0D7191EEA626}.Release|x86.Build.0 = Release Server JustAssembly|Any CPU
		{63E6915C-7EA4-4D76-AB28-0D7191EEA626}.silverlight_Debug|Any CPU.ActiveCfg = Release Server JustAssembly|Any CPU
		{63E6915C-7EA4-4D76-AB28-0D7191EEA626}.silverlight_Debug|Any CPU.Build.0 = Release Server JustAssembly|Any CPU
		{63E6915C-7EA4-4D76-AB28-0D7191EEA626}.silverlight_Debug|x86.ActiveCfg = Release Server JustAssembly|Any CPU
		{63E6915C-7EA4-4D76-AB28-0D7191EEA626}.silverlight_Debug|x86.Build.0 = Release Server JustAssembly|Any CPU
		{63E6915C-7EA4-4D76-AB28-0D7191EEA626}.silverlight_Release|Any CPU.ActiveCfg = Release Server JustAssembly|Any CPU
		{63E6915C-7EA4-4D76-AB28-0D7191EEA626}.silverlight_Release|Any CPU.Build.0 = Release Server JustAssembly|Any CPU
		{63E6915C-7EA4-4D76-AB28-0D7191EEA626}.silverlight_Release|x86.ActiveCfg = Release Server JustAssembly|Any CPU
		{63E6915C-7EA4-4D76-AB28-0D7191EEA626}.silverlight_Release|x86.Build.0 = Release Server JustAssembly|Any CPU
		{63E6915C-7EA4-4D76-AB28-0D7191EEA626}.winphone_Debug|Any CPU.ActiveCfg = Release Server JustAssembly|Any CPU
		{63E6915C-7EA4-4D76-AB28-0D7191EEA626}.winphone_Debug|Any CPU.Build.0 = Release Server JustAssembly|Any CPU
		{63E6915C-7EA4-4D76-AB28-0D7191EEA626}.winphone_Debug|x86.ActiveCfg = Release Server JustAssembly|Any CPU
		{63E6915C-7EA4-4D76-AB28-0D7191EEA626}.winphone_Debug|x86.Build.0 = Release Server JustAssembly|Any CPU
		{63E6915C-7EA4-4D76-AB28-0D7191EEA626}.winphone_Release|Any CPU.ActiveCfg = Release Server JustAssembly|Any CPU
		{63E6915C-7EA4-4D76-AB28-0D7191EEA626}.winphone_Release|Any CPU.Build.0 = Release Server JustAssembly|Any CPU
		{63E6915C-7EA4-4D76-AB28-0D7191EEA626}.winphone_Release|x86.ActiveCfg = Release Server JustAssembly|Any CPU
		{63E6915C-7EA4-4D76-AB28-0D7191EEA626}.winphone_Release|x86.Build.0 = Release Server JustAssembly|Any CPU
		{8559DD7F-A16F-46D0-A05A-9139FAEBA8FD}..NET 3.5 Debug|Any CPU.ActiveCfg = Release Server JustAssembly|Any CPU
		{8559DD7F-A16F-46D0-A05A-9139FAEBA8FD}..NET 3.5 Debug|Any CPU.Build.0 = Release Server JustAssembly|Any CPU
		{8559DD7F-A16F-46D0-A05A-9139FAEBA8FD}..NET 3.5 Debug|x86.ActiveCfg = Release Server JustAssembly|Any CPU
		{8559DD7F-A16F-46D0-A05A-9139FAEBA8FD}..NET 3.5 Debug|x86.Build.0 = Release Server JustAssembly|Any CPU
		{8559DD7F-A16F-46D0-A05A-9139FAEBA8FD}..NET 3.5 Release Server EngineOnly|Any CPU.ActiveCfg = Release Server JustAssembly|Any CPU
		{8559DD7F-A16F-46D0-A05A-9139FAEBA8FD}..NET 3.5 Release Server EngineOnly|Any CPU.Build.0 = Release Server JustAssembly|Any CPU
		{8559DD7F-A16F-46D0-A05A-9139FAEBA8FD}..NET 3.5 Release Server EngineOnly|x86.ActiveCfg = Release Server JustAssembly|Any CPU
		{8559DD7F-A16F-46D0-A05A-9139FAEBA8FD}..NET 3.5 Release Server EngineOnly|x86.Build.0 = Release Server JustAssembly|Any CPU
		{8559DD7F-A16F-46D0-A05A-9139FAEBA8FD}.Debug .NET 3.5|Any CPU.ActiveCfg = Debug JustAssembly|Any CPU
		{8559DD7F-A16F-46D0-A05A-9139FAEBA8FD}.Debug .NET 3.5|Any CPU.Build.0 = Debug JustAssembly|Any CPU
		{8559DD7F-A16F-46D0-A05A-9139FAEBA8FD}.Debug .NET 3.5|x86.ActiveCfg = Debug JustAssembly|Any CPU
		{8559DD7F-A16F-46D0-A05A-9139FAEBA8FD}.Debug .NET 3.5|x86.Build.0 = Debug JustAssembly|Any CPU
		{8559DD7F-A16F-46D0-A05A-9139FAEBA8FD}.Debug EngineOnly|Any CPU.ActiveCfg = Debug EngineOnly|Any CPU
		{8559DD7F-A16F-46D0-A05A-9139FAEBA8FD}.Debug EngineOnly|Any CPU.Build.0 = Debug EngineOnly|Any CPU
		{8559DD7F-A16F-46D0-A05A-9139FAEBA8FD}.Debug EngineOnly|x86.ActiveCfg = Debug EngineOnly|Any CPU
		{8559DD7F-A16F-46D0-A05A-9139FAEBA8FD}.Debug EngineOnly|x86.Build.0 = Debug EngineOnly|Any CPU
		{8559DD7F-A16F-46D0-A05A-9139FAEBA8FD}.Debug JustAssembly|Any CPU.ActiveCfg = Debug JustAssembly|Any CPU
		{8559DD7F-A16F-46D0-A05A-9139FAEBA8FD}.Debug JustAssembly|Any CPU.Build.0 = Debug JustAssembly|Any CPU
		{8559DD7F-A16F-46D0-A05A-9139FAEBA8FD}.Debug JustAssembly|x86.ActiveCfg = Debug JustAssembly|Any CPU
		{8559DD7F-A16F-46D0-A05A-9139FAEBA8FD}.Debug JustAssembly|x86.Build.0 = Debug JustAssembly|Any CPU
		{8559DD7F-A16F-46D0-A05A-9139FAEBA8FD}.Debug|Any CPU.ActiveCfg = Debug EngineOnly|Any CPU
		{8559DD7F-A16F-46D0-A05A-9139FAEBA8FD}.Debug|Any CPU.Build.0 = Debug EngineOnly|Any CPU
		{8559DD7F-A16F-46D0-A05A-9139FAEBA8FD}.Debug|x86.ActiveCfg = net_4_0_Debug|Any CPU
		{8559DD7F-A16F-46D0-A05A-9139FAEBA8FD}.Debug|x86.Build.0 = net_4_0_Debug|Any CPU
		{8559DD7F-A16F-46D0-A05A-9139FAEBA8FD}.GenerateProject|Any CPU.ActiveCfg = Release Server JustAssembly|Any CPU
		{8559DD7F-A16F-46D0-A05A-9139FAEBA8FD}.GenerateProject|Any CPU.Build.0 = Release Server JustAssembly|Any CPU
		{8559DD7F-A16F-46D0-A05A-9139FAEBA8FD}.GenerateProject|x86.ActiveCfg = Release Server JustAssembly|Any CPU
		{8559DD7F-A16F-46D0-A05A-9139FAEBA8FD}.GenerateProject|x86.Build.0 = Release Server JustAssembly|Any CPU
		{8559DD7F-A16F-46D0-A05A-9139FAEBA8FD}.net_2_0_Debug|Any CPU.ActiveCfg = net_2_0_Debug|Any CPU
		{8559DD7F-A16F-46D0-A05A-9139FAEBA8FD}.net_2_0_Debug|Any CPU.Build.0 = net_2_0_Debug|Any CPU
		{8559DD7F-A16F-46D0-A05A-9139FAEBA8FD}.net_2_0_Debug|x86.ActiveCfg = net_2_0_Debug|Any CPU
		{8559DD7F-A16F-46D0-A05A-9139FAEBA8FD}.net_2_0_Debug|x86.Build.0 = net_2_0_Debug|Any CPU
		{8559DD7F-A16F-46D0-A05A-9139FAEBA8FD}.net_2_0_Release|Any CPU.ActiveCfg = net_2_0_Release|Any CPU
		{8559DD7F-A16F-46D0-A05A-9139FAEBA8FD}.net_2_0_Release|Any CPU.Build.0 = net_2_0_Release|Any CPU
		{8559DD7F-A16F-46D0-A05A-9139FAEBA8FD}.net_2_0_Release|x86.ActiveCfg = net_2_0_Release|Any CPU
		{8559DD7F-A16F-46D0-A05A-9139FAEBA8FD}.net_2_0_Release|x86.Build.0 = net_2_0_Release|Any CPU
		{8559DD7F-A16F-46D0-A05A-9139FAEBA8FD}.net_3_5_Debug|Any CPU.ActiveCfg = net_3_5_Debug|Any CPU
		{8559DD7F-A16F-46D0-A05A-9139FAEBA8FD}.net_3_5_Debug|Any CPU.Build.0 = net_3_5_Debug|Any CPU
		{8559DD7F-A16F-46D0-A05A-9139FAEBA8FD}.net_3_5_Debug|x86.ActiveCfg = net_3_5_Debug|Any CPU
		{8559DD7F-A16F-46D0-A05A-9139FAEBA8FD}.net_3_5_Debug|x86.Build.0 = net_3_5_Debug|Any CPU
		{8559DD7F-A16F-46D0-A05A-9139FAEBA8FD}.net_3_5_Release|Any CPU.ActiveCfg = net_3_5_Release|Any CPU
		{8559DD7F-A16F-46D0-A05A-9139FAEBA8FD}.net_3_5_Release|Any CPU.Build.0 = net_3_5_Release|Any CPU
		{8559DD7F-A16F-46D0-A05A-9139FAEBA8FD}.net_3_5_Release|x86.ActiveCfg = net_3_5_Release|Any CPU
		{8559DD7F-A16F-46D0-A05A-9139FAEBA8FD}.net_3_5_Release|x86.Build.0 = net_3_5_Release|Any CPU
		{8559DD7F-A16F-46D0-A05A-9139FAEBA8FD}.net_3_5_ReleaseServer|Any CPU.ActiveCfg = net_3_5_ReleaseServer|Any CPU
		{8559DD7F-A16F-46D0-A05A-9139FAEBA8FD}.net_3_5_ReleaseServer|Any CPU.Build.0 = net_3_5_ReleaseServer|Any CPU
		{8559DD7F-A16F-46D0-A05A-9139FAEBA8FD}.net_3_5_ReleaseServer|x86.ActiveCfg = net_3_5_ReleaseServer|Any CPU
		{8559DD7F-A16F-46D0-A05A-9139FAEBA8FD}.net_3_5_ReleaseServer|x86.Build.0 = net_3_5_ReleaseServer|Any CPU
		{8559DD7F-A16F-46D0-A05A-9139FAEBA8FD}.net_4_0_Debug|Any CPU.ActiveCfg = net_4_0_Debug|Any CPU
		{8559DD7F-A16F-46D0-A05A-9139FAEBA8FD}.net_4_0_Debug|Any CPU.Build.0 = net_4_0_Debug|Any CPU
		{8559DD7F-A16F-46D0-A05A-9139FAEBA8FD}.net_4_0_Debug|x86.ActiveCfg = net_4_0_Debug|Any CPU
		{8559DD7F-A16F-46D0-A05A-9139FAEBA8FD}.net_4_0_Debug|x86.Build.0 = net_4_0_Debug|Any CPU
		{8559DD7F-A16F-46D0-A05A-9139FAEBA8FD}.net_4_0_Release|Any CPU.ActiveCfg = net_4_0_Release|Any CPU
		{8559DD7F-A16F-46D0-A05A-9139FAEBA8FD}.net_4_0_Release|Any CPU.Build.0 = net_4_0_Release|Any CPU
		{8559DD7F-A16F-46D0-A05A-9139FAEBA8FD}.net_4_0_Release|x86.ActiveCfg = net_4_0_Release|Any CPU
		{8559DD7F-A16F-46D0-A05A-9139FAEBA8FD}.net_4_0_Release|x86.Build.0 = net_4_0_Release|Any CPU
		{8559DD7F-A16F-46D0-A05A-9139FAEBA8FD}.NET3.5 Release Server EngineOnly|Any CPU.ActiveCfg = net_4_0_Release|Any CPU
		{8559DD7F-A16F-46D0-A05A-9139FAEBA8FD}.NET3.5 Release Server EngineOnly|Any CPU.Build.0 = net_4_0_Release|Any CPU
		{8559DD7F-A16F-46D0-A05A-9139FAEBA8FD}.NET3.5 Release Server EngineOnly|x86.ActiveCfg = net_4_0_Release|Any CPU
		{8559DD7F-A16F-46D0-A05A-9139FAEBA8FD}.NET3.5 Release Server EngineOnly|x86.Build.0 = net_4_0_Release|Any CPU
		{8559DD7F-A16F-46D0-A05A-9139FAEBA8FD}.Release EngineOnly|Any CPU.ActiveCfg = Release EngineOnly|Any CPU
		{8559DD7F-A16F-46D0-A05A-9139FAEBA8FD}.Release EngineOnly|Any CPU.Build.0 = Release EngineOnly|Any CPU
		{8559DD7F-A16F-46D0-A05A-9139FAEBA8FD}.Release EngineOnly|x86.ActiveCfg = Release EngineOnly|Any CPU
		{8559DD7F-A16F-46D0-A05A-9139FAEBA8FD}.Release EngineOnly|x86.Build.0 = Release EngineOnly|Any CPU
		{8559DD7F-A16F-46D0-A05A-9139FAEBA8FD}.Release JustAssembly|Any CPU.ActiveCfg = Release JustAssembly|Any CPU
		{8559DD7F-A16F-46D0-A05A-9139FAEBA8FD}.Release JustAssembly|Any CPU.Build.0 = Release JustAssembly|Any CPU
		{8559DD7F-A16F-46D0-A05A-9139FAEBA8FD}.Release JustAssembly|x86.ActiveCfg = Release JustAssembly|Any CPU
		{8559DD7F-A16F-46D0-A05A-9139FAEBA8FD}.Release JustAssembly|x86.Build.0 = Release JustAssembly|Any CPU
		{8559DD7F-A16F-46D0-A05A-9139FAEBA8FD}.Release Server Engineonly|Any CPU.ActiveCfg = Release Server JustAssembly|Any CPU
		{8559DD7F-A16F-46D0-A05A-9139FAEBA8FD}.Release Server Engineonly|Any CPU.Build.0 = Release Server JustAssembly|Any CPU
		{8559DD7F-A16F-46D0-A05A-9139FAEBA8FD}.Release Server Engineonly|x86.ActiveCfg = Release Server JustAssembly|Any CPU
		{8559DD7F-A16F-46D0-A05A-9139FAEBA8FD}.Release Server Engineonly|x86.Build.0 = Release Server JustAssembly|Any CPU
		{8559DD7F-A16F-46D0-A05A-9139FAEBA8FD}.Release Server JustAssembly|Any CPU.ActiveCfg = Release Server JustAssembly|Any CPU
		{8559DD7F-A16F-46D0-A05A-9139FAEBA8FD}.Release Server JustAssembly|Any CPU.Build.0 = Release Server JustAssembly|Any CPU
		{8559DD7F-A16F-46D0-A05A-9139FAEBA8FD}.Release Server JustAssembly|x86.ActiveCfg = Release Server JustAssembly|Any CPU
		{8559DD7F-A16F-46D0-A05A-9139FAEBA8FD}.Release Server JustAssembly|x86.Build.0 = Release Server JustAssembly|Any CPU
		{8559DD7F-A16F-46D0-A05A-9139FAEBA8FD}.Release|Any CPU.ActiveCfg = Release Server JustAssembly|Any CPU
		{8559DD7F-A16F-46D0-A05A-9139FAEBA8FD}.Release|Any CPU.Build.0 = Release Server JustAssembly|Any CPU
		{8559DD7F-A16F-46D0-A05A-9139FAEBA8FD}.Release|x86.ActiveCfg = Release Server JustAssembly|Any CPU
		{8559DD7F-A16F-46D0-A05A-9139FAEBA8FD}.Release|x86.Build.0 = Release Server JustAssembly|Any CPU
		{8559DD7F-A16F-46D0-A05A-9139FAEBA8FD}.silverlight_Debug|Any CPU.ActiveCfg = Release Server JustAssembly|Any CPU
		{8559DD7F-A16F-46D0-A05A-9139FAEBA8FD}.silverlight_Debug|Any CPU.Build.0 = Release Server JustAssembly|Any CPU
		{8559DD7F-A16F-46D0-A05A-9139FAEBA8FD}.silverlight_Debug|x86.ActiveCfg = Release Server JustAssembly|Any CPU
		{8559DD7F-A16F-46D0-A05A-9139FAEBA8FD}.silverlight_Debug|x86.Build.0 = Release Server JustAssembly|Any CPU
		{8559DD7F-A16F-46D0-A05A-9139FAEBA8FD}.silverlight_Release|Any CPU.ActiveCfg = Release Server JustAssembly|Any CPU
		{8559DD7F-A16F-46D0-A05A-9139FAEBA8FD}.silverlight_Release|Any CPU.Build.0 = Release Server JustAssembly|Any CPU
		{8559DD7F-A16F-46D0-A05A-9139FAEBA8FD}.silverlight_Release|x86.ActiveCfg = Release Server JustAssembly|Any CPU
		{8559DD7F-A16F-46D0-A05A-9139FAEBA8FD}.silverlight_Release|x86.Build.0 = Release Server JustAssembly|Any CPU
		{8559DD7F-A16F-46D0-A05A-9139FAEBA8FD}.winphone_Debug|Any CPU.ActiveCfg = Release Server JustAssembly|Any CPU
		{8559DD7F-A16F-46D0-A05A-9139FAEBA8FD}.winphone_Debug|Any CPU.Build.0 = Release Server JustAssembly|Any CPU
		{8559DD7F-A16F-46D0-A05A-9139FAEBA8FD}.winphone_Debug|x86.ActiveCfg = Release Server JustAssembly|Any CPU
		{8559DD7F-A16F-46D0-A05A-9139FAEBA8FD}.winphone_Debug|x86.Build.0 = Release Server JustAssembly|Any CPU
		{8559DD7F-A16F-46D0-A05A-9139FAEBA8FD}.winphone_Release|Any CPU.ActiveCfg = Release Server JustAssembly|Any CPU
		{8559DD7F-A16F-46D0-A05A-9139FAEBA8FD}.winphone_Release|Any CPU.Build.0 = Release Server JustAssembly|Any CPU
		{8559DD7F-A16F-46D0-A05A-9139FAEBA8FD}.winphone_Release|x86.ActiveCfg = Release Server JustAssembly|Any CPU
		{8559DD7F-A16F-46D0-A05A-9139FAEBA8FD}.winphone_Release|x86.Build.0 = Release Server JustAssembly|Any CPU
		{246289A4-53FD-4BB3-923A-08B1D3D905AA}..NET 3.5 Debug|Any CPU.ActiveCfg = .NET 3.5 Release Server EngineOnly|Any CPU
		{246289A4-53FD-4BB3-923A-08B1D3D905AA}..NET 3.5 Debug|Any CPU.Build.0 = .NET 3.5 Release Server EngineOnly|Any CPU
		{246289A4-53FD-4BB3-923A-08B1D3D905AA}..NET 3.5 Debug|x86.ActiveCfg = .NET 3.5 Release Server EngineOnly|Any CPU
		{246289A4-53FD-4BB3-923A-08B1D3D905AA}..NET 3.5 Debug|x86.Build.0 = .NET 3.5 Release Server EngineOnly|Any CPU
		{246289A4-53FD-4BB3-923A-08B1D3D905AA}..NET 3.5 Release Server EngineOnly|Any CPU.ActiveCfg = .NET 3.5 Release Server EngineOnly|Any CPU
		{246289A4-53FD-4BB3-923A-08B1D3D905AA}..NET 3.5 Release Server EngineOnly|Any CPU.Build.0 = .NET 3.5 Release Server EngineOnly|Any CPU
		{246289A4-53FD-4BB3-923A-08B1D3D905AA}..NET 3.5 Release Server EngineOnly|x86.ActiveCfg = .NET 3.5 Release Server EngineOnly|Any CPU
		{246289A4-53FD-4BB3-923A-08B1D3D905AA}..NET 3.5 Release Server EngineOnly|x86.Build.0 = .NET 3.5 Release Server EngineOnly|Any CPU
		{246289A4-53FD-4BB3-923A-08B1D3D905AA}.Debug .NET 3.5|Any CPU.ActiveCfg = Debug .NET 3.5|Any CPU
		{246289A4-53FD-4BB3-923A-08B1D3D905AA}.Debug .NET 3.5|Any CPU.Build.0 = Debug .NET 3.5|Any CPU
		{246289A4-53FD-4BB3-923A-08B1D3D905AA}.Debug .NET 3.5|x86.ActiveCfg = Debug .NET 3.5|Any CPU
		{246289A4-53FD-4BB3-923A-08B1D3D905AA}.Debug .NET 3.5|x86.Build.0 = Debug .NET 3.5|Any CPU
		{246289A4-53FD-4BB3-923A-08B1D3D905AA}.Debug EngineOnly|Any CPU.ActiveCfg = Debug EngineOnly|Any CPU
		{246289A4-53FD-4BB3-923A-08B1D3D905AA}.Debug EngineOnly|Any CPU.Build.0 = Debug EngineOnly|Any CPU
		{246289A4-53FD-4BB3-923A-08B1D3D905AA}.Debug EngineOnly|x86.ActiveCfg = Debug EngineOnly|Any CPU
		{246289A4-53FD-4BB3-923A-08B1D3D905AA}.Debug EngineOnly|x86.Build.0 = Debug EngineOnly|Any CPU
		{246289A4-53FD-4BB3-923A-08B1D3D905AA}.Debug JustAssembly|Any CPU.ActiveCfg = Debug JustAssembly|Any CPU
		{246289A4-53FD-4BB3-923A-08B1D3D905AA}.Debug JustAssembly|Any CPU.Build.0 = Debug JustAssembly|Any CPU
		{246289A4-53FD-4BB3-923A-08B1D3D905AA}.Debug JustAssembly|x86.ActiveCfg = Debug JustAssembly|Any CPU
		{246289A4-53FD-4BB3-923A-08B1D3D905AA}.Debug JustAssembly|x86.Build.0 = Debug JustAssembly|Any CPU
		{246289A4-53FD-4BB3-923A-08B1D3D905AA}.Debug|Any CPU.ActiveCfg = Debug EngineOnly|Any CPU
		{246289A4-53FD-4BB3-923A-08B1D3D905AA}.Debug|Any CPU.Build.0 = Debug EngineOnly|Any CPU
		{246289A4-53FD-4BB3-923A-08B1D3D905AA}.Debug|x86.ActiveCfg = Debug|Any CPU
		{246289A4-53FD-4BB3-923A-08B1D3D905AA}.Debug|x86.Build.0 = Debug|Any CPU
		{246289A4-53FD-4BB3-923A-08B1D3D905AA}.GenerateProject|Any CPU.ActiveCfg = Release Server JustAssembly|Any CPU
		{246289A4-53FD-4BB3-923A-08B1D3D905AA}.GenerateProject|Any CPU.Build.0 = Release Server JustAssembly|Any CPU
		{246289A4-53FD-4BB3-923A-08B1D3D905AA}.GenerateProject|x86.ActiveCfg = Release Server JustAssembly|Any CPU
		{246289A4-53FD-4BB3-923A-08B1D3D905AA}.GenerateProject|x86.Build.0 = Release Server JustAssembly|Any CPU
		{246289A4-53FD-4BB3-923A-08B1D3D905AA}.net_2_0_Debug|Any CPU.ActiveCfg = Debug|Any CPU
		{246289A4-53FD-4BB3-923A-08B1D3D905AA}.net_2_0_Debug|Any CPU.Build.0 = Debug|Any CPU
		{246289A4-53FD-4BB3-923A-08B1D3D905AA}.net_2_0_Debug|x86.ActiveCfg = Debug|Any CPU
		{246289A4-53FD-4BB3-923A-08B1D3D905AA}.net_2_0_Debug|x86.Build.0 = Debug|Any CPU
		{246289A4-53FD-4BB3-923A-08B1D3D905AA}.net_2_0_Release|Any CPU.ActiveCfg = Release|Any CPU
		{246289A4-53FD-4BB3-923A-08B1D3D905AA}.net_2_0_Release|Any CPU.Build.0 = Release|Any CPU
		{246289A4-53FD-4BB3-923A-08B1D3D905AA}.net_2_0_Release|x86.ActiveCfg = Release|Any CPU
		{246289A4-53FD-4BB3-923A-08B1D3D905AA}.net_2_0_Release|x86.Build.0 = Release|Any CPU
		{246289A4-53FD-4BB3-923A-08B1D3D905AA}.net_3_5_Debug|Any CPU.ActiveCfg = Debug|Any CPU
		{246289A4-53FD-4BB3-923A-08B1D3D905AA}.net_3_5_Debug|Any CPU.Build.0 = Debug|Any CPU
		{246289A4-53FD-4BB3-923A-08B1D3D905AA}.net_3_5_Debug|x86.ActiveCfg = Debug|Any CPU
		{246289A4-53FD-4BB3-923A-08B1D3D905AA}.net_3_5_Debug|x86.Build.0 = Debug|Any CPU
		{246289A4-53FD-4BB3-923A-08B1D3D905AA}.net_3_5_Release|Any CPU.ActiveCfg = Release|Any CPU
		{246289A4-53FD-4BB3-923A-08B1D3D905AA}.net_3_5_Release|Any CPU.Build.0 = Release|Any CPU
		{246289A4-53FD-4BB3-923A-08B1D3D905AA}.net_3_5_Release|x86.ActiveCfg = Release|Any CPU
		{246289A4-53FD-4BB3-923A-08B1D3D905AA}.net_3_5_Release|x86.Build.0 = Release|Any CPU
		{246289A4-53FD-4BB3-923A-08B1D3D905AA}.net_3_5_ReleaseServer|Any CPU.ActiveCfg = Release|Any CPU
		{246289A4-53FD-4BB3-923A-08B1D3D905AA}.net_3_5_ReleaseServer|Any CPU.Build.0 = Release|Any CPU
		{246289A4-53FD-4BB3-923A-08B1D3D905AA}.net_3_5_ReleaseServer|x86.ActiveCfg = Release|Any CPU
		{246289A4-53FD-4BB3-923A-08B1D3D905AA}.net_3_5_ReleaseServer|x86.Build.0 = Release|Any CPU
		{246289A4-53FD-4BB3-923A-08B1D3D905AA}.net_4_0_Debug|Any CPU.ActiveCfg = Debug|Any CPU
		{246289A4-53FD-4BB3-923A-08B1D3D905AA}.net_4_0_Debug|Any CPU.Build.0 = Debug|Any CPU
		{246289A4-53FD-4BB3-923A-08B1D3D905AA}.net_4_0_Debug|x86.ActiveCfg = Debug|Any CPU
		{246289A4-53FD-4BB3-923A-08B1D3D905AA}.net_4_0_Debug|x86.Build.0 = Debug|Any CPU
		{246289A4-53FD-4BB3-923A-08B1D3D905AA}.net_4_0_Release|Any CPU.ActiveCfg = Release|Any CPU
		{246289A4-53FD-4BB3-923A-08B1D3D905AA}.net_4_0_Release|Any CPU.Build.0 = Release|Any CPU
		{246289A4-53FD-4BB3-923A-08B1D3D905AA}.net_4_0_Release|x86.ActiveCfg = Release|Any CPU
		{246289A4-53FD-4BB3-923A-08B1D3D905AA}.net_4_0_Release|x86.Build.0 = Release|Any CPU
		{246289A4-53FD-4BB3-923A-08B1D3D905AA}.NET3.5 Release Server EngineOnly|Any CPU.ActiveCfg = Release Server EngineOnly|Any CPU
		{246289A4-53FD-4BB3-923A-08B1D3D905AA}.NET3.5 Release Server EngineOnly|Any CPU.Build.0 = Release Server EngineOnly|Any CPU
		{246289A4-53FD-4BB3-923A-08B1D3D905AA}.NET3.5 Release Server EngineOnly|x86.ActiveCfg = Release Server EngineOnly|Any CPU
		{246289A4-53FD-4BB3-923A-08B1D3D905AA}.NET3.5 Release Server EngineOnly|x86.Build.0 = Release Server EngineOnly|Any CPU
		{246289A4-53FD-4BB3-923A-08B1D3D905AA}.Release EngineOnly|Any CPU.ActiveCfg = Release EngineOnly|Any CPU
		{246289A4-53FD-4BB3-923A-08B1D3D905AA}.Release EngineOnly|Any CPU.Build.0 = Release EngineOnly|Any CPU
		{246289A4-53FD-4BB3-923A-08B1D3D905AA}.Release EngineOnly|x86.ActiveCfg = Release EngineOnly|Any CPU
		{246289A4-53FD-4BB3-923A-08B1D3D905AA}.Release EngineOnly|x86.Build.0 = Release EngineOnly|Any CPU
		{246289A4-53FD-4BB3-923A-08B1D3D905AA}.Release JustAssembly|Any CPU.ActiveCfg = Release JustAssembly|Any CPU
		{246289A4-53FD-4BB3-923A-08B1D3D905AA}.Release JustAssembly|Any CPU.Build.0 = Release JustAssembly|Any CPU
		{246289A4-53FD-4BB3-923A-08B1D3D905AA}.Release JustAssembly|x86.ActiveCfg = Release JustAssembly|Any CPU
		{246289A4-53FD-4BB3-923A-08B1D3D905AA}.Release JustAssembly|x86.Build.0 = Release JustAssembly|Any CPU
		{246289A4-53FD-4BB3-923A-08B1D3D905AA}.Release Server Engineonly|Any CPU.ActiveCfg = Release Server EngineOnly|Any CPU
		{246289A4-53FD-4BB3-923A-08B1D3D905AA}.Release Server Engineonly|Any CPU.Build.0 = Release Server EngineOnly|Any CPU
		{246289A4-53FD-4BB3-923A-08B1D3D905AA}.Release Server Engineonly|x86.ActiveCfg = Release Server EngineOnly|Any CPU
		{246289A4-53FD-4BB3-923A-08B1D3D905AA}.Release Server Engineonly|x86.Build.0 = Release Server EngineOnly|Any CPU
		{246289A4-53FD-4BB3-923A-08B1D3D905AA}.Release Server JustAssembly|Any CPU.ActiveCfg = Release Server JustAssembly|Any CPU
		{246289A4-53FD-4BB3-923A-08B1D3D905AA}.Release Server JustAssembly|Any CPU.Build.0 = Release Server JustAssembly|Any CPU
		{246289A4-53FD-4BB3-923A-08B1D3D905AA}.Release Server JustAssembly|x86.ActiveCfg = Release Server JustAssembly|Any CPU
		{246289A4-53FD-4BB3-923A-08B1D3D905AA}.Release Server JustAssembly|x86.Build.0 = Release Server JustAssembly|Any CPU
		{246289A4-53FD-4BB3-923A-08B1D3D905AA}.Release|Any CPU.ActiveCfg = Release|Any CPU
		{246289A4-53FD-4BB3-923A-08B1D3D905AA}.Release|Any CPU.Build.0 = Release|Any CPU
		{246289A4-53FD-4BB3-923A-08B1D3D905AA}.Release|x86.ActiveCfg = Release|Any CPU
		{246289A4-53FD-4BB3-923A-08B1D3D905AA}.Release|x86.Build.0 = Release|Any CPU
		{246289A4-53FD-4BB3-923A-08B1D3D905AA}.silverlight_Debug|Any CPU.ActiveCfg = Debug|Any CPU
		{246289A4-53FD-4BB3-923A-08B1D3D905AA}.silverlight_Debug|Any CPU.Build.0 = Debug|Any CPU
		{246289A4-53FD-4BB3-923A-08B1D3D905AA}.silverlight_Debug|x86.ActiveCfg = Debug|Any CPU
		{246289A4-53FD-4BB3-923A-08B1D3D905AA}.silverlight_Debug|x86.Build.0 = Debug|Any CPU
		{246289A4-53FD-4BB3-923A-08B1D3D905AA}.silverlight_Release|Any CPU.ActiveCfg = Release|Any CPU
		{246289A4-53FD-4BB3-923A-08B1D3D905AA}.silverlight_Release|Any CPU.Build.0 = Release|Any CPU
		{246289A4-53FD-4BB3-923A-08B1D3D905AA}.silverlight_Release|x86.ActiveCfg = Release|Any CPU
		{246289A4-53FD-4BB3-923A-08B1D3D905AA}.silverlight_Release|x86.Build.0 = Release|Any CPU
		{246289A4-53FD-4BB3-923A-08B1D3D905AA}.winphone_Debug|Any CPU.ActiveCfg = Debug|Any CPU
		{246289A4-53FD-4BB3-923A-08B1D3D905AA}.winphone_Debug|Any CPU.Build.0 = Debug|Any CPU
		{246289A4-53FD-4BB3-923A-08B1D3D905AA}.winphone_Debug|x86.ActiveCfg = Debug|Any CPU
		{246289A4-53FD-4BB3-923A-08B1D3D905AA}.winphone_Debug|x86.Build.0 = Debug|Any CPU
		{246289A4-53FD-4BB3-923A-08B1D3D905AA}.winphone_Release|Any CPU.ActiveCfg = Release|Any CPU
		{246289A4-53FD-4BB3-923A-08B1D3D905AA}.winphone_Release|Any CPU.Build.0 = Release|Any CPU
		{246289A4-53FD-4BB3-923A-08B1D3D905AA}.winphone_Release|x86.ActiveCfg = Release|Any CPU
		{246289A4-53FD-4BB3-923A-08B1D3D905AA}.winphone_Release|x86.Build.0 = Release|Any CPU
		{ED1BE103-1699-4116-A732-616BEB142EB2}..NET 3.5 Debug|Any CPU.ActiveCfg = .NET 3.5 Debug|Any CPU
		{ED1BE103-1699-4116-A732-616BEB142EB2}..NET 3.5 Debug|Any CPU.Build.0 = .NET 3.5 Debug|Any CPU
		{ED1BE103-1699-4116-A732-616BEB142EB2}..NET 3.5 Debug|x86.ActiveCfg = .NET 3.5 Debug|Any CPU
		{ED1BE103-1699-4116-A732-616BEB142EB2}..NET 3.5 Debug|x86.Build.0 = .NET 3.5 Debug|Any CPU
		{ED1BE103-1699-4116-A732-616BEB142EB2}..NET 3.5 Release Server EngineOnly|Any CPU.ActiveCfg = Release Server EngineOnly|Any CPU
		{ED1BE103-1699-4116-A732-616BEB142EB2}..NET 3.5 Release Server EngineOnly|Any CPU.Build.0 = Release Server EngineOnly|Any CPU
		{ED1BE103-1699-4116-A732-616BEB142EB2}..NET 3.5 Release Server EngineOnly|x86.ActiveCfg = Release Server EngineOnly|Any CPU
		{ED1BE103-1699-4116-A732-616BEB142EB2}..NET 3.5 Release Server EngineOnly|x86.Build.0 = Release Server EngineOnly|Any CPU
		{ED1BE103-1699-4116-A732-616BEB142EB2}.Debug .NET 3.5|Any CPU.ActiveCfg = Debug JustAssembly|Any CPU
		{ED1BE103-1699-4116-A732-616BEB142EB2}.Debug .NET 3.5|Any CPU.Build.0 = Debug JustAssembly|Any CPU
		{ED1BE103-1699-4116-A732-616BEB142EB2}.Debug .NET 3.5|x86.ActiveCfg = Debug JustAssembly|Any CPU
		{ED1BE103-1699-4116-A732-616BEB142EB2}.Debug .NET 3.5|x86.Build.0 = Debug JustAssembly|Any CPU
		{ED1BE103-1699-4116-A732-616BEB142EB2}.Debug EngineOnly|Any CPU.ActiveCfg = Debug EngineOnly|Any CPU
		{ED1BE103-1699-4116-A732-616BEB142EB2}.Debug EngineOnly|Any CPU.Build.0 = Debug EngineOnly|Any CPU
		{ED1BE103-1699-4116-A732-616BEB142EB2}.Debug EngineOnly|x86.ActiveCfg = Debug EngineOnly|Any CPU
		{ED1BE103-1699-4116-A732-616BEB142EB2}.Debug EngineOnly|x86.Build.0 = Debug EngineOnly|Any CPU
		{ED1BE103-1699-4116-A732-616BEB142EB2}.Debug JustAssembly|Any CPU.ActiveCfg = Debug JustAssembly|Any CPU
		{ED1BE103-1699-4116-A732-616BEB142EB2}.Debug JustAssembly|Any CPU.Build.0 = Debug JustAssembly|Any CPU
		{ED1BE103-1699-4116-A732-616BEB142EB2}.Debug JustAssembly|x86.ActiveCfg = Debug JustAssembly|Any CPU
		{ED1BE103-1699-4116-A732-616BEB142EB2}.Debug JustAssembly|x86.Build.0 = Debug JustAssembly|Any CPU
		{ED1BE103-1699-4116-A732-616BEB142EB2}.Debug|Any CPU.ActiveCfg = Debug EngineOnly|Any CPU
		{ED1BE103-1699-4116-A732-616BEB142EB2}.Debug|Any CPU.Build.0 = Debug EngineOnly|Any CPU
		{ED1BE103-1699-4116-A732-616BEB142EB2}.Debug|x86.ActiveCfg = Debug|Any CPU
		{ED1BE103-1699-4116-A732-616BEB142EB2}.Debug|x86.Build.0 = Debug|Any CPU
		{ED1BE103-1699-4116-A732-616BEB142EB2}.GenerateProject|Any CPU.ActiveCfg = Release Server JustAssembly|Any CPU
		{ED1BE103-1699-4116-A732-616BEB142EB2}.GenerateProject|Any CPU.Build.0 = Release Server JustAssembly|Any CPU
		{ED1BE103-1699-4116-A732-616BEB142EB2}.GenerateProject|x86.ActiveCfg = Release Server JustAssembly|Any CPU
		{ED1BE103-1699-4116-A732-616BEB142EB2}.GenerateProject|x86.Build.0 = Release Server JustAssembly|Any CPU
		{ED1BE103-1699-4116-A732-616BEB142EB2}.net_2_0_Debug|Any CPU.ActiveCfg = Debug|Any CPU
		{ED1BE103-1699-4116-A732-616BEB142EB2}.net_2_0_Debug|Any CPU.Build.0 = Debug|Any CPU
		{ED1BE103-1699-4116-A732-616BEB142EB2}.net_2_0_Debug|x86.ActiveCfg = Debug|Any CPU
		{ED1BE103-1699-4116-A732-616BEB142EB2}.net_2_0_Debug|x86.Build.0 = Debug|Any CPU
		{ED1BE103-1699-4116-A732-616BEB142EB2}.net_2_0_Release|Any CPU.ActiveCfg = Release|Any CPU
		{ED1BE103-1699-4116-A732-616BEB142EB2}.net_2_0_Release|Any CPU.Build.0 = Release|Any CPU
		{ED1BE103-1699-4116-A732-616BEB142EB2}.net_2_0_Release|x86.ActiveCfg = Release|Any CPU
		{ED1BE103-1699-4116-A732-616BEB142EB2}.net_2_0_Release|x86.Build.0 = Release|Any CPU
		{ED1BE103-1699-4116-A732-616BEB142EB2}.net_3_5_Debug|Any CPU.ActiveCfg = Debug|Any CPU
		{ED1BE103-1699-4116-A732-616BEB142EB2}.net_3_5_Debug|Any CPU.Build.0 = Debug|Any CPU
		{ED1BE103-1699-4116-A732-616BEB142EB2}.net_3_5_Debug|x86.ActiveCfg = Debug|Any CPU
		{ED1BE103-1699-4116-A732-616BEB142EB2}.net_3_5_Debug|x86.Build.0 = Debug|Any CPU
		{ED1BE103-1699-4116-A732-616BEB142EB2}.net_3_5_Release|Any CPU.ActiveCfg = Release|Any CPU
		{ED1BE103-1699-4116-A732-616BEB142EB2}.net_3_5_Release|Any CPU.Build.0 = Release|Any CPU
		{ED1BE103-1699-4116-A732-616BEB142EB2}.net_3_5_Release|x86.ActiveCfg = Release|Any CPU
		{ED1BE103-1699-4116-A732-616BEB142EB2}.net_3_5_Release|x86.Build.0 = Release|Any CPU
		{ED1BE103-1699-4116-A732-616BEB142EB2}.net_3_5_ReleaseServer|Any CPU.ActiveCfg = Release|Any CPU
		{ED1BE103-1699-4116-A732-616BEB142EB2}.net_3_5_ReleaseServer|Any CPU.Build.0 = Release|Any CPU
		{ED1BE103-1699-4116-A732-616BEB142EB2}.net_3_5_ReleaseServer|x86.ActiveCfg = Release|Any CPU
		{ED1BE103-1699-4116-A732-616BEB142EB2}.net_3_5_ReleaseServer|x86.Build.0 = Release|Any CPU
		{ED1BE103-1699-4116-A732-616BEB142EB2}.net_4_0_Debug|Any CPU.ActiveCfg = Debug|Any CPU
		{ED1BE103-1699-4116-A732-616BEB142EB2}.net_4_0_Debug|Any CPU.Build.0 = Debug|Any CPU
		{ED1BE103-1699-4116-A732-616BEB142EB2}.net_4_0_Debug|x86.ActiveCfg = Debug|Any CPU
		{ED1BE103-1699-4116-A732-616BEB142EB2}.net_4_0_Debug|x86.Build.0 = Debug|Any CPU
		{ED1BE103-1699-4116-A732-616BEB142EB2}.net_4_0_Release|Any CPU.ActiveCfg = Release|Any CPU
		{ED1BE103-1699-4116-A732-616BEB142EB2}.net_4_0_Release|Any CPU.Build.0 = Release|Any CPU
		{ED1BE103-1699-4116-A732-616BEB142EB2}.net_4_0_Release|x86.ActiveCfg = Release|Any CPU
		{ED1BE103-1699-4116-A732-616BEB142EB2}.net_4_0_Release|x86.Build.0 = Release|Any CPU
		{ED1BE103-1699-4116-A732-616BEB142EB2}.NET3.5 Release Server EngineOnly|Any CPU.ActiveCfg = NET3.5 Release Server EngineOnly|Any CPU
		{ED1BE103-1699-4116-A732-616BEB142EB2}.NET3.5 Release Server EngineOnly|Any CPU.Build.0 = NET3.5 Release Server EngineOnly|Any CPU
		{ED1BE103-1699-4116-A732-616BEB142EB2}.NET3.5 Release Server EngineOnly|x86.ActiveCfg = NET3.5 Release Server EngineOnly|Any CPU
		{ED1BE103-1699-4116-A732-616BEB142EB2}.NET3.5 Release Server EngineOnly|x86.Build.0 = NET3.5 Release Server EngineOnly|Any CPU
		{ED1BE103-1699-4116-A732-616BEB142EB2}.Release EngineOnly|Any CPU.ActiveCfg = Release EngineOnly|Any CPU
		{ED1BE103-1699-4116-A732-616BEB142EB2}.Release EngineOnly|Any CPU.Build.0 = Release EngineOnly|Any CPU
		{ED1BE103-1699-4116-A732-616BEB142EB2}.Release EngineOnly|x86.ActiveCfg = Release EngineOnly|Any CPU
		{ED1BE103-1699-4116-A732-616BEB142EB2}.Release EngineOnly|x86.Build.0 = Release EngineOnly|Any CPU
		{ED1BE103-1699-4116-A732-616BEB142EB2}.Release JustAssembly|Any CPU.ActiveCfg = Release JustAssembly|Any CPU
		{ED1BE103-1699-4116-A732-616BEB142EB2}.Release JustAssembly|Any CPU.Build.0 = Release JustAssembly|Any CPU
		{ED1BE103-1699-4116-A732-616BEB142EB2}.Release JustAssembly|x86.ActiveCfg = Release JustAssembly|Any CPU
		{ED1BE103-1699-4116-A732-616BEB142EB2}.Release JustAssembly|x86.Build.0 = Release JustAssembly|Any CPU
		{ED1BE103-1699-4116-A732-616BEB142EB2}.Release Server Engineonly|Any CPU.ActiveCfg = Release Server EngineOnly|Any CPU
		{ED1BE103-1699-4116-A732-616BEB142EB2}.Release Server Engineonly|Any CPU.Build.0 = Release Server EngineOnly|Any CPU
		{ED1BE103-1699-4116-A732-616BEB142EB2}.Release Server Engineonly|x86.ActiveCfg = Release Server EngineOnly|Any CPU
		{ED1BE103-1699-4116-A732-616BEB142EB2}.Release Server Engineonly|x86.Build.0 = Release Server EngineOnly|Any CPU
		{ED1BE103-1699-4116-A732-616BEB142EB2}.Release Server JustAssembly|Any CPU.ActiveCfg = Release Server JustAssembly|Any CPU
		{ED1BE103-1699-4116-A732-616BEB142EB2}.Release Server JustAssembly|Any CPU.Build.0 = Release Server JustAssembly|Any CPU
		{ED1BE103-1699-4116-A732-616BEB142EB2}.Release Server JustAssembly|x86.ActiveCfg = Release Server JustAssembly|Any CPU
		{ED1BE103-1699-4116-A732-616BEB142EB2}.Release Server JustAssembly|x86.Build.0 = Release Server JustAssembly|Any CPU
		{ED1BE103-1699-4116-A732-616BEB142EB2}.Release|Any CPU.ActiveCfg = Release|Any CPU
		{ED1BE103-1699-4116-A732-616BEB142EB2}.Release|Any CPU.Build.0 = Release|Any CPU
		{ED1BE103-1699-4116-A732-616BEB142EB2}.Release|x86.ActiveCfg = Release|Any CPU
		{ED1BE103-1699-4116-A732-616BEB142EB2}.Release|x86.Build.0 = Release|Any CPU
		{ED1BE103-1699-4116-A732-616BEB142EB2}.silverlight_Debug|Any CPU.ActiveCfg = Debug|Any CPU
		{ED1BE103-1699-4116-A732-616BEB142EB2}.silverlight_Debug|Any CPU.Build.0 = Debug|Any CPU
		{ED1BE103-1699-4116-A732-616BEB142EB2}.silverlight_Debug|x86.ActiveCfg = Debug|Any CPU
		{ED1BE103-1699-4116-A732-616BEB142EB2}.silverlight_Debug|x86.Build.0 = Debug|Any CPU
		{ED1BE103-1699-4116-A732-616BEB142EB2}.silverlight_Release|Any CPU.ActiveCfg = Release|Any CPU
		{ED1BE103-1699-4116-A732-616BEB142EB2}.silverlight_Release|Any CPU.Build.0 = Release|Any CPU
		{ED1BE103-1699-4116-A732-616BEB142EB2}.silverlight_Release|x86.ActiveCfg = Release|Any CPU
		{ED1BE103-1699-4116-A732-616BEB142EB2}.silverlight_Release|x86.Build.0 = Release|Any CPU
		{ED1BE103-1699-4116-A732-616BEB142EB2}.winphone_Debug|Any CPU.ActiveCfg = Debug|Any CPU
		{ED1BE103-1699-4116-A732-616BEB142EB2}.winphone_Debug|Any CPU.Build.0 = Debug|Any CPU
		{ED1BE103-1699-4116-A732-616BEB142EB2}.winphone_Debug|x86.ActiveCfg = Debug|Any CPU
		{ED1BE103-1699-4116-A732-616BEB142EB2}.winphone_Debug|x86.Build.0 = Debug|Any CPU
		{ED1BE103-1699-4116-A732-616BEB142EB2}.winphone_Release|Any CPU.ActiveCfg = Release|Any CPU
		{ED1BE103-1699-4116-A732-616BEB142EB2}.winphone_Release|Any CPU.Build.0 = Release|Any CPU
		{ED1BE103-1699-4116-A732-616BEB142EB2}.winphone_Release|x86.ActiveCfg = Release|Any CPU
		{ED1BE103-1699-4116-A732-616BEB142EB2}.winphone_Release|x86.Build.0 = Release|Any CPU
		{F7BBB403-7142-4F8D-8E65-5ABA94502D3D}..NET 3.5 Debug|Any CPU.ActiveCfg = .NET 3.5 Release Server EngineOnly|Any CPU
		{F7BBB403-7142-4F8D-8E65-5ABA94502D3D}..NET 3.5 Debug|Any CPU.Build.0 = .NET 3.5 Release Server EngineOnly|Any CPU
		{F7BBB403-7142-4F8D-8E65-5ABA94502D3D}..NET 3.5 Debug|x86.ActiveCfg = .NET 3.5 Release Server EngineOnly|Any CPU
		{F7BBB403-7142-4F8D-8E65-5ABA94502D3D}..NET 3.5 Debug|x86.Build.0 = .NET 3.5 Release Server EngineOnly|Any CPU
		{F7BBB403-7142-4F8D-8E65-5ABA94502D3D}..NET 3.5 Release Server EngineOnly|Any CPU.ActiveCfg = .NET 3.5 Release Server EngineOnly|Any CPU
		{F7BBB403-7142-4F8D-8E65-5ABA94502D3D}..NET 3.5 Release Server EngineOnly|Any CPU.Build.0 = .NET 3.5 Release Server EngineOnly|Any CPU
		{F7BBB403-7142-4F8D-8E65-5ABA94502D3D}..NET 3.5 Release Server EngineOnly|x86.ActiveCfg = .NET 3.5 Release Server EngineOnly|Any CPU
		{F7BBB403-7142-4F8D-8E65-5ABA94502D3D}..NET 3.5 Release Server EngineOnly|x86.Build.0 = .NET 3.5 Release Server EngineOnly|Any CPU
		{F7BBB403-7142-4F8D-8E65-5ABA94502D3D}.Debug .NET 3.5|Any CPU.ActiveCfg = Debug .NET 3.5|Any CPU
		{F7BBB403-7142-4F8D-8E65-5ABA94502D3D}.Debug .NET 3.5|Any CPU.Build.0 = Debug .NET 3.5|Any CPU
		{F7BBB403-7142-4F8D-8E65-5ABA94502D3D}.Debug .NET 3.5|x86.ActiveCfg = Debug .NET 3.5|Any CPU
		{F7BBB403-7142-4F8D-8E65-5ABA94502D3D}.Debug .NET 3.5|x86.Build.0 = Debug .NET 3.5|Any CPU
		{F7BBB403-7142-4F8D-8E65-5ABA94502D3D}.Debug EngineOnly|Any CPU.ActiveCfg = Debug EngineOnly|Any CPU
		{F7BBB403-7142-4F8D-8E65-5ABA94502D3D}.Debug EngineOnly|Any CPU.Build.0 = Debug EngineOnly|Any CPU
		{F7BBB403-7142-4F8D-8E65-5ABA94502D3D}.Debug EngineOnly|x86.ActiveCfg = Debug EngineOnly|Any CPU
		{F7BBB403-7142-4F8D-8E65-5ABA94502D3D}.Debug EngineOnly|x86.Build.0 = Debug EngineOnly|Any CPU
		{F7BBB403-7142-4F8D-8E65-5ABA94502D3D}.Debug JustAssembly|Any CPU.ActiveCfg = Debug JustAssembly|Any CPU
		{F7BBB403-7142-4F8D-8E65-5ABA94502D3D}.Debug JustAssembly|Any CPU.Build.0 = Debug JustAssembly|Any CPU
		{F7BBB403-7142-4F8D-8E65-5ABA94502D3D}.Debug JustAssembly|x86.ActiveCfg = Debug JustAssembly|Any CPU
		{F7BBB403-7142-4F8D-8E65-5ABA94502D3D}.Debug JustAssembly|x86.Build.0 = Debug JustAssembly|Any CPU
		{F7BBB403-7142-4F8D-8E65-5ABA94502D3D}.Debug|Any CPU.ActiveCfg = Debug EngineOnly|Any CPU
		{F7BBB403-7142-4F8D-8E65-5ABA94502D3D}.Debug|Any CPU.Build.0 = Debug EngineOnly|Any CPU
		{F7BBB403-7142-4F8D-8E65-5ABA94502D3D}.Debug|x86.ActiveCfg = Debug|Any CPU
		{F7BBB403-7142-4F8D-8E65-5ABA94502D3D}.Debug|x86.Build.0 = Debug|Any CPU
		{F7BBB403-7142-4F8D-8E65-5ABA94502D3D}.GenerateProject|Any CPU.ActiveCfg = Release Server JustAssembly|Any CPU
		{F7BBB403-7142-4F8D-8E65-5ABA94502D3D}.GenerateProject|Any CPU.Build.0 = Release Server JustAssembly|Any CPU
		{F7BBB403-7142-4F8D-8E65-5ABA94502D3D}.GenerateProject|x86.ActiveCfg = Release Server JustAssembly|Any CPU
		{F7BBB403-7142-4F8D-8E65-5ABA94502D3D}.GenerateProject|x86.Build.0 = Release Server JustAssembly|Any CPU
		{F7BBB403-7142-4F8D-8E65-5ABA94502D3D}.net_2_0_Debug|Any CPU.ActiveCfg = Debug|Any CPU
		{F7BBB403-7142-4F8D-8E65-5ABA94502D3D}.net_2_0_Debug|Any CPU.Build.0 = Debug|Any CPU
		{F7BBB403-7142-4F8D-8E65-5ABA94502D3D}.net_2_0_Debug|x86.ActiveCfg = Debug|Any CPU
		{F7BBB403-7142-4F8D-8E65-5ABA94502D3D}.net_2_0_Debug|x86.Build.0 = Debug|Any CPU
		{F7BBB403-7142-4F8D-8E65-5ABA94502D3D}.net_2_0_Release|Any CPU.ActiveCfg = Release|Any CPU
		{F7BBB403-7142-4F8D-8E65-5ABA94502D3D}.net_2_0_Release|Any CPU.Build.0 = Release|Any CPU
		{F7BBB403-7142-4F8D-8E65-5ABA94502D3D}.net_2_0_Release|x86.ActiveCfg = Release|Any CPU
		{F7BBB403-7142-4F8D-8E65-5ABA94502D3D}.net_2_0_Release|x86.Build.0 = Release|Any CPU
		{F7BBB403-7142-4F8D-8E65-5ABA94502D3D}.net_3_5_Debug|Any CPU.ActiveCfg = Debug|Any CPU
		{F7BBB403-7142-4F8D-8E65-5ABA94502D3D}.net_3_5_Debug|Any CPU.Build.0 = Debug|Any CPU
		{F7BBB403-7142-4F8D-8E65-5ABA94502D3D}.net_3_5_Debug|x86.ActiveCfg = Debug|Any CPU
		{F7BBB403-7142-4F8D-8E65-5ABA94502D3D}.net_3_5_Debug|x86.Build.0 = Debug|Any CPU
		{F7BBB403-7142-4F8D-8E65-5ABA94502D3D}.net_3_5_Release|Any CPU.ActiveCfg = Release|Any CPU
		{F7BBB403-7142-4F8D-8E65-5ABA94502D3D}.net_3_5_Release|Any CPU.Build.0 = Release|Any CPU
		{F7BBB403-7142-4F8D-8E65-5ABA94502D3D}.net_3_5_Release|x86.ActiveCfg = Release|Any CPU
		{F7BBB403-7142-4F8D-8E65-5ABA94502D3D}.net_3_5_Release|x86.Build.0 = Release|Any CPU
		{F7BBB403-7142-4F8D-8E65-5ABA94502D3D}.net_3_5_ReleaseServer|Any CPU.ActiveCfg = Release|Any CPU
		{F7BBB403-7142-4F8D-8E65-5ABA94502D3D}.net_3_5_ReleaseServer|Any CPU.Build.0 = Release|Any CPU
		{F7BBB403-7142-4F8D-8E65-5ABA94502D3D}.net_3_5_ReleaseServer|x86.ActiveCfg = Release|Any CPU
		{F7BBB403-7142-4F8D-8E65-5ABA94502D3D}.net_3_5_ReleaseServer|x86.Build.0 = Release|Any CPU
		{F7BBB403-7142-4F8D-8E65-5ABA94502D3D}.net_4_0_Debug|Any CPU.ActiveCfg = Debug|Any CPU
		{F7BBB403-7142-4F8D-8E65-5ABA94502D3D}.net_4_0_Debug|Any CPU.Build.0 = Debug|Any CPU
		{F7BBB403-7142-4F8D-8E65-5ABA94502D3D}.net_4_0_Debug|x86.ActiveCfg = Debug|Any CPU
		{F7BBB403-7142-4F8D-8E65-5ABA94502D3D}.net_4_0_Debug|x86.Build.0 = Debug|Any CPU
		{F7BBB403-7142-4F8D-8E65-5ABA94502D3D}.net_4_0_Release|Any CPU.ActiveCfg = Release|Any CPU
		{F7BBB403-7142-4F8D-8E65-5ABA94502D3D}.net_4_0_Release|Any CPU.Build.0 = Release|Any CPU
		{F7BBB403-7142-4F8D-8E65-5ABA94502D3D}.net_4_0_Release|x86.ActiveCfg = Release|Any CPU
		{F7BBB403-7142-4F8D-8E65-5ABA94502D3D}.net_4_0_Release|x86.Build.0 = Release|Any CPU
		{F7BBB403-7142-4F8D-8E65-5ABA94502D3D}.NET3.5 Release Server EngineOnly|Any CPU.ActiveCfg = Release|Any CPU
		{F7BBB403-7142-4F8D-8E65-5ABA94502D3D}.NET3.5 Release Server EngineOnly|Any CPU.Build.0 = Release|Any CPU
		{F7BBB403-7142-4F8D-8E65-5ABA94502D3D}.NET3.5 Release Server EngineOnly|x86.ActiveCfg = Release|Any CPU
		{F7BBB403-7142-4F8D-8E65-5ABA94502D3D}.NET3.5 Release Server EngineOnly|x86.Build.0 = Release|Any CPU
		{F7BBB403-7142-4F8D-8E65-5ABA94502D3D}.Release EngineOnly|Any CPU.ActiveCfg = Release EngineOnly|Any CPU
		{F7BBB403-7142-4F8D-8E65-5ABA94502D3D}.Release EngineOnly|Any CPU.Build.0 = Release EngineOnly|Any CPU
		{F7BBB403-7142-4F8D-8E65-5ABA94502D3D}.Release EngineOnly|x86.ActiveCfg = Release EngineOnly|Any CPU
		{F7BBB403-7142-4F8D-8E65-5ABA94502D3D}.Release EngineOnly|x86.Build.0 = Release EngineOnly|Any CPU
		{F7BBB403-7142-4F8D-8E65-5ABA94502D3D}.Release JustAssembly|Any CPU.ActiveCfg = Release JustAssembly|Any CPU
		{F7BBB403-7142-4F8D-8E65-5ABA94502D3D}.Release JustAssembly|Any CPU.Build.0 = Release JustAssembly|Any CPU
		{F7BBB403-7142-4F8D-8E65-5ABA94502D3D}.Release JustAssembly|x86.ActiveCfg = Release JustAssembly|Any CPU
		{F7BBB403-7142-4F8D-8E65-5ABA94502D3D}.Release JustAssembly|x86.Build.0 = Release JustAssembly|Any CPU
		{F7BBB403-7142-4F8D-8E65-5ABA94502D3D}.Release Server Engineonly|Any CPU.ActiveCfg = Release Server Engineonly|Any CPU
		{F7BBB403-7142-4F8D-8E65-5ABA94502D3D}.Release Server Engineonly|Any CPU.Build.0 = Release Server Engineonly|Any CPU
		{F7BBB403-7142-4F8D-8E65-5ABA94502D3D}.Release Server Engineonly|x86.ActiveCfg = Release Server Engineonly|Any CPU
		{F7BBB403-7142-4F8D-8E65-5ABA94502D3D}.Release Server Engineonly|x86.Build.0 = Release Server Engineonly|Any CPU
		{F7BBB403-7142-4F8D-8E65-5ABA94502D3D}.Release Server JustAssembly|Any CPU.ActiveCfg = Release Server JustAssembly|Any CPU
		{F7BBB403-7142-4F8D-8E65-5ABA94502D3D}.Release Server JustAssembly|Any CPU.Build.0 = Release Server JustAssembly|Any CPU
		{F7BBB403-7142-4F8D-8E65-5ABA94502D3D}.Release Server JustAssembly|x86.ActiveCfg = Release Server JustAssembly|Any CPU
		{F7BBB403-7142-4F8D-8E65-5ABA94502D3D}.Release Server JustAssembly|x86.Build.0 = Release Server JustAssembly|Any CPU
		{F7BBB403-7142-4F8D-8E65-5ABA94502D3D}.Release|Any CPU.ActiveCfg = Release|Any CPU
		{F7BBB403-7142-4F8D-8E65-5ABA94502D3D}.Release|Any CPU.Build.0 = Release|Any CPU
		{F7BBB403-7142-4F8D-8E65-5ABA94502D3D}.Release|x86.ActiveCfg = Release|Any CPU
		{F7BBB403-7142-4F8D-8E65-5ABA94502D3D}.Release|x86.Build.0 = Release|Any CPU
		{F7BBB403-7142-4F8D-8E65-5ABA94502D3D}.silverlight_Debug|Any CPU.ActiveCfg = Debug|Any CPU
		{F7BBB403-7142-4F8D-8E65-5ABA94502D3D}.silverlight_Debug|Any CPU.Build.0 = Debug|Any CPU
		{F7BBB403-7142-4F8D-8E65-5ABA94502D3D}.silverlight_Debug|x86.ActiveCfg = Debug|Any CPU
		{F7BBB403-7142-4F8D-8E65-5ABA94502D3D}.silverlight_Debug|x86.Build.0 = Debug|Any CPU
		{F7BBB403-7142-4F8D-8E65-5ABA94502D3D}.silverlight_Release|Any CPU.ActiveCfg = Release|Any CPU
		{F7BBB403-7142-4F8D-8E65-5ABA94502D3D}.silverlight_Release|Any CPU.Build.0 = Release|Any CPU
		{F7BBB403-7142-4F8D-8E65-5ABA94502D3D}.silverlight_Release|x86.ActiveCfg = Release|Any CPU
		{F7BBB403-7142-4F8D-8E65-5ABA94502D3D}.silverlight_Release|x86.Build.0 = Release|Any CPU
		{F7BBB403-7142-4F8D-8E65-5ABA94502D3D}.winphone_Debug|Any CPU.ActiveCfg = Debug|Any CPU
		{F7BBB403-7142-4F8D-8E65-5ABA94502D3D}.winphone_Debug|Any CPU.Build.0 = Debug|Any CPU
		{F7BBB403-7142-4F8D-8E65-5ABA94502D3D}.winphone_Debug|x86.ActiveCfg = Debug|Any CPU
		{F7BBB403-7142-4F8D-8E65-5ABA94502D3D}.winphone_Debug|x86.Build.0 = Debug|Any CPU
		{F7BBB403-7142-4F8D-8E65-5ABA94502D3D}.winphone_Release|Any CPU.ActiveCfg = Release|Any CPU
		{F7BBB403-7142-4F8D-8E65-5ABA94502D3D}.winphone_Release|Any CPU.Build.0 = Release|Any CPU
		{F7BBB403-7142-4F8D-8E65-5ABA94502D3D}.winphone_Release|x86.ActiveCfg = Release|Any CPU
		{F7BBB403-7142-4F8D-8E65-5ABA94502D3D}.winphone_Release|x86.Build.0 = Release|Any CPU
		{E6B1469D-911C-4AFC-A0F8-1ED00886910B}..NET 3.5 Debug|Any CPU.ActiveCfg = Debug|Any CPU
		{E6B1469D-911C-4AFC-A0F8-1ED00886910B}..NET 3.5 Debug|Any CPU.Build.0 = Debug|Any CPU
		{E6B1469D-911C-4AFC-A0F8-1ED00886910B}..NET 3.5 Debug|x86.ActiveCfg = Debug|x86
		{E6B1469D-911C-4AFC-A0F8-1ED00886910B}..NET 3.5 Debug|x86.Build.0 = Debug|x86
		{E6B1469D-911C-4AFC-A0F8-1ED00886910B}..NET 3.5 Release Server EngineOnly|Any CPU.ActiveCfg = Release|Any CPU
		{E6B1469D-911C-4AFC-A0F8-1ED00886910B}..NET 3.5 Release Server EngineOnly|Any CPU.Build.0 = Release|Any CPU
		{E6B1469D-911C-4AFC-A0F8-1ED00886910B}..NET 3.5 Release Server EngineOnly|x86.ActiveCfg = Release|x86
		{E6B1469D-911C-4AFC-A0F8-1ED00886910B}..NET 3.5 Release Server EngineOnly|x86.Build.0 = Release|x86
		{E6B1469D-911C-4AFC-A0F8-1ED00886910B}.Debug .NET 3.5|Any CPU.ActiveCfg = Debug EngineOnly|Any CPU
		{E6B1469D-911C-4AFC-A0F8-1ED00886910B}.Debug .NET 3.5|Any CPU.Build.0 = Debug EngineOnly|Any CPU
		{E6B1469D-911C-4AFC-A0F8-1ED00886910B}.Debug .NET 3.5|x86.ActiveCfg = Debug EngineOnly|x86
		{E6B1469D-911C-4AFC-A0F8-1ED00886910B}.Debug .NET 3.5|x86.Build.0 = Debug EngineOnly|x86
		{E6B1469D-911C-4AFC-A0F8-1ED00886910B}.Debug EngineOnly|Any CPU.ActiveCfg = Debug EngineOnly|Any CPU
		{E6B1469D-911C-4AFC-A0F8-1ED00886910B}.Debug EngineOnly|Any CPU.Build.0 = Debug EngineOnly|Any CPU
		{E6B1469D-911C-4AFC-A0F8-1ED00886910B}.Debug EngineOnly|x86.ActiveCfg = Debug EngineOnly|x86
		{E6B1469D-911C-4AFC-A0F8-1ED00886910B}.Debug EngineOnly|x86.Build.0 = Debug EngineOnly|x86
		{E6B1469D-911C-4AFC-A0F8-1ED00886910B}.Debug JustAssembly|Any CPU.ActiveCfg = Debug EngineOnly|Any CPU
		{E6B1469D-911C-4AFC-A0F8-1ED00886910B}.Debug JustAssembly|Any CPU.Build.0 = Debug EngineOnly|Any CPU
		{E6B1469D-911C-4AFC-A0F8-1ED00886910B}.Debug JustAssembly|x86.ActiveCfg = Debug EngineOnly|x86
		{E6B1469D-911C-4AFC-A0F8-1ED00886910B}.Debug JustAssembly|x86.Build.0 = Debug EngineOnly|x86
		{E6B1469D-911C-4AFC-A0F8-1ED00886910B}.Debug|Any CPU.ActiveCfg = Debug EngineOnly|Any CPU
		{E6B1469D-911C-4AFC-A0F8-1ED00886910B}.Debug|Any CPU.Build.0 = Debug EngineOnly|Any CPU
		{E6B1469D-911C-4AFC-A0F8-1ED00886910B}.Debug|x86.ActiveCfg = Debug|x86
		{E6B1469D-911C-4AFC-A0F8-1ED00886910B}.Debug|x86.Build.0 = Debug|x86
		{E6B1469D-911C-4AFC-A0F8-1ED00886910B}.GenerateProject|Any CPU.ActiveCfg = GenerateProject|Any CPU
		{E6B1469D-911C-4AFC-A0F8-1ED00886910B}.GenerateProject|Any CPU.Build.0 = GenerateProject|Any CPU
		{E6B1469D-911C-4AFC-A0F8-1ED00886910B}.GenerateProject|x86.ActiveCfg = GenerateProject|x86
		{E6B1469D-911C-4AFC-A0F8-1ED00886910B}.GenerateProject|x86.Build.0 = GenerateProject|x86
		{E6B1469D-911C-4AFC-A0F8-1ED00886910B}.net_2_0_Debug|Any CPU.ActiveCfg = Debug|Any CPU
		{E6B1469D-911C-4AFC-A0F8-1ED00886910B}.net_2_0_Debug|Any CPU.Build.0 = Debug|Any CPU
		{E6B1469D-911C-4AFC-A0F8-1ED00886910B}.net_2_0_Debug|x86.ActiveCfg = Debug|x86
		{E6B1469D-911C-4AFC-A0F8-1ED00886910B}.net_2_0_Debug|x86.Build.0 = Debug|x86
		{E6B1469D-911C-4AFC-A0F8-1ED00886910B}.net_2_0_Release|Any CPU.ActiveCfg = Release|Any CPU
		{E6B1469D-911C-4AFC-A0F8-1ED00886910B}.net_2_0_Release|Any CPU.Build.0 = Release|Any CPU
		{E6B1469D-911C-4AFC-A0F8-1ED00886910B}.net_2_0_Release|x86.ActiveCfg = Release|x86
		{E6B1469D-911C-4AFC-A0F8-1ED00886910B}.net_2_0_Release|x86.Build.0 = Release|x86
		{E6B1469D-911C-4AFC-A0F8-1ED00886910B}.net_3_5_Debug|Any CPU.ActiveCfg = Debug|Any CPU
		{E6B1469D-911C-4AFC-A0F8-1ED00886910B}.net_3_5_Debug|Any CPU.Build.0 = Debug|Any CPU
		{E6B1469D-911C-4AFC-A0F8-1ED00886910B}.net_3_5_Debug|x86.ActiveCfg = Debug|x86
		{E6B1469D-911C-4AFC-A0F8-1ED00886910B}.net_3_5_Debug|x86.Build.0 = Debug|x86
		{E6B1469D-911C-4AFC-A0F8-1ED00886910B}.net_3_5_Release|Any CPU.ActiveCfg = Release|Any CPU
		{E6B1469D-911C-4AFC-A0F8-1ED00886910B}.net_3_5_Release|Any CPU.Build.0 = Release|Any CPU
		{E6B1469D-911C-4AFC-A0F8-1ED00886910B}.net_3_5_Release|x86.ActiveCfg = Release|x86
		{E6B1469D-911C-4AFC-A0F8-1ED00886910B}.net_3_5_Release|x86.Build.0 = Release|x86
		{E6B1469D-911C-4AFC-A0F8-1ED00886910B}.net_3_5_ReleaseServer|Any CPU.ActiveCfg = Release|Any CPU
		{E6B1469D-911C-4AFC-A0F8-1ED00886910B}.net_3_5_ReleaseServer|Any CPU.Build.0 = Release|Any CPU
		{E6B1469D-911C-4AFC-A0F8-1ED00886910B}.net_3_5_ReleaseServer|x86.ActiveCfg = Release|x86
		{E6B1469D-911C-4AFC-A0F8-1ED00886910B}.net_3_5_ReleaseServer|x86.Build.0 = Release|x86
		{E6B1469D-911C-4AFC-A0F8-1ED00886910B}.net_4_0_Debug|Any CPU.ActiveCfg = Debug|Any CPU
		{E6B1469D-911C-4AFC-A0F8-1ED00886910B}.net_4_0_Debug|Any CPU.Build.0 = Debug|Any CPU
		{E6B1469D-911C-4AFC-A0F8-1ED00886910B}.net_4_0_Debug|x86.ActiveCfg = Debug|x86
		{E6B1469D-911C-4AFC-A0F8-1ED00886910B}.net_4_0_Debug|x86.Build.0 = Debug|x86
		{E6B1469D-911C-4AFC-A0F8-1ED00886910B}.net_4_0_Release|Any CPU.ActiveCfg = Release|Any CPU
		{E6B1469D-911C-4AFC-A0F8-1ED00886910B}.net_4_0_Release|Any CPU.Build.0 = Release|Any CPU
		{E6B1469D-911C-4AFC-A0F8-1ED00886910B}.net_4_0_Release|x86.ActiveCfg = Release|x86
		{E6B1469D-911C-4AFC-A0F8-1ED00886910B}.net_4_0_Release|x86.Build.0 = Release|x86
		{E6B1469D-911C-4AFC-A0F8-1ED00886910B}.NET3.5 Release Server EngineOnly|Any CPU.ActiveCfg = Release|Any CPU
		{E6B1469D-911C-4AFC-A0F8-1ED00886910B}.NET3.5 Release Server EngineOnly|Any CPU.Build.0 = Release|Any CPU
		{E6B1469D-911C-4AFC-A0F8-1ED00886910B}.NET3.5 Release Server EngineOnly|x86.ActiveCfg = Release|x86
		{E6B1469D-911C-4AFC-A0F8-1ED00886910B}.NET3.5 Release Server EngineOnly|x86.Build.0 = Release|x86
		{E6B1469D-911C-4AFC-A0F8-1ED00886910B}.Release EngineOnly|Any CPU.ActiveCfg = Release EngineOnly|Any CPU
		{E6B1469D-911C-4AFC-A0F8-1ED00886910B}.Release EngineOnly|Any CPU.Build.0 = Release EngineOnly|Any CPU
		{E6B1469D-911C-4AFC-A0F8-1ED00886910B}.Release EngineOnly|x86.ActiveCfg = Release EngineOnly|x86
		{E6B1469D-911C-4AFC-A0F8-1ED00886910B}.Release EngineOnly|x86.Build.0 = Release EngineOnly|x86
		{E6B1469D-911C-4AFC-A0F8-1ED00886910B}.Release JustAssembly|Any CPU.ActiveCfg = Release EngineOnly|Any CPU
		{E6B1469D-911C-4AFC-A0F8-1ED00886910B}.Release JustAssembly|Any CPU.Build.0 = Release EngineOnly|Any CPU
		{E6B1469D-911C-4AFC-A0F8-1ED00886910B}.Release JustAssembly|x86.ActiveCfg = Release EngineOnly|x86
		{E6B1469D-911C-4AFC-A0F8-1ED00886910B}.Release JustAssembly|x86.Build.0 = Release EngineOnly|x86
		{E6B1469D-911C-4AFC-A0F8-1ED00886910B}.Release Server Engineonly|Any CPU.ActiveCfg = Release EngineOnly|Any CPU
		{E6B1469D-911C-4AFC-A0F8-1ED00886910B}.Release Server Engineonly|Any CPU.Build.0 = Release EngineOnly|Any CPU
		{E6B1469D-911C-4AFC-A0F8-1ED00886910B}.Release Server Engineonly|x86.ActiveCfg = Release EngineOnly|x86
		{E6B1469D-911C-4AFC-A0F8-1ED00886910B}.Release Server Engineonly|x86.Build.0 = Release EngineOnly|x86
		{E6B1469D-911C-4AFC-A0F8-1ED00886910B}.Release Server JustAssembly|Any CPU.ActiveCfg = Release EngineOnly|Any CPU
		{E6B1469D-911C-4AFC-A0F8-1ED00886910B}.Release Server JustAssembly|Any CPU.Build.0 = Release EngineOnly|Any CPU
		{E6B1469D-911C-4AFC-A0F8-1ED00886910B}.Release Server JustAssembly|x86.ActiveCfg = Release EngineOnly|x86
		{E6B1469D-911C-4AFC-A0F8-1ED00886910B}.Release Server JustAssembly|x86.Build.0 = Release EngineOnly|x86
		{E6B1469D-911C-4AFC-A0F8-1ED00886910B}.Release|Any CPU.ActiveCfg = Release|Any CPU
		{E6B1469D-911C-4AFC-A0F8-1ED00886910B}.Release|Any CPU.Build.0 = Release|Any CPU
		{E6B1469D-911C-4AFC-A0F8-1ED00886910B}.Release|x86.ActiveCfg = Release|x86
		{E6B1469D-911C-4AFC-A0F8-1ED00886910B}.Release|x86.Build.0 = Release|x86
		{E6B1469D-911C-4AFC-A0F8-1ED00886910B}.silverlight_Debug|Any CPU.ActiveCfg = Debug|Any CPU
		{E6B1469D-911C-4AFC-A0F8-1ED00886910B}.silverlight_Debug|Any CPU.Build.0 = Debug|Any CPU
		{E6B1469D-911C-4AFC-A0F8-1ED00886910B}.silverlight_Debug|x86.ActiveCfg = Debug|x86
		{E6B1469D-911C-4AFC-A0F8-1ED00886910B}.silverlight_Debug|x86.Build.0 = Debug|x86
		{E6B1469D-911C-4AFC-A0F8-1ED00886910B}.silverlight_Release|Any CPU.ActiveCfg = Release|Any CPU
		{E6B1469D-911C-4AFC-A0F8-1ED00886910B}.silverlight_Release|Any CPU.Build.0 = Release|Any CPU
		{E6B1469D-911C-4AFC-A0F8-1ED00886910B}.silverlight_Release|x86.ActiveCfg = Release|x86
		{E6B1469D-911C-4AFC-A0F8-1ED00886910B}.silverlight_Release|x86.Build.0 = Release|x86
		{E6B1469D-911C-4AFC-A0F8-1ED00886910B}.winphone_Debug|Any CPU.ActiveCfg = Debug|Any CPU
		{E6B1469D-911C-4AFC-A0F8-1ED00886910B}.winphone_Debug|Any CPU.Build.0 = Debug|Any CPU
		{E6B1469D-911C-4AFC-A0F8-1ED00886910B}.winphone_Debug|x86.ActiveCfg = Debug|x86
		{E6B1469D-911C-4AFC-A0F8-1ED00886910B}.winphone_Debug|x86.Build.0 = Debug|x86
		{E6B1469D-911C-4AFC-A0F8-1ED00886910B}.winphone_Release|Any CPU.ActiveCfg = Release|Any CPU
		{E6B1469D-911C-4AFC-A0F8-1ED00886910B}.winphone_Release|Any CPU.Build.0 = Release|Any CPU
		{E6B1469D-911C-4AFC-A0F8-1ED00886910B}.winphone_Release|x86.ActiveCfg = Release|x86
		{E6B1469D-911C-4AFC-A0F8-1ED00886910B}.winphone_Release|x86.Build.0 = Release|x86
	EndGlobalSection
	GlobalSection(SolutionProperties) = preSolution
		HideSolutionNode = FALSE
	EndGlobalSection
	GlobalSection(NestedProjects) = preSolution
		{D68133BD-1E63-496E-9EDE-4FBDBF77B486} = {3DA4A002-14D3-4F48-A1A2-D52B3E9950CA}
		{63E6915C-7EA4-4D76-AB28-0D7191EEA626} = {3DA4A002-14D3-4F48-A1A2-D52B3E9950CA}
		{8559DD7F-A16F-46D0-A05A-9139FAEBA8FD} = {3DA4A002-14D3-4F48-A1A2-D52B3E9950CA}
		{246289A4-53FD-4BB3-923A-08B1D3D905AA} = {3DA4A002-14D3-4F48-A1A2-D52B3E9950CA}
		{ED1BE103-1699-4116-A732-616BEB142EB2} = {3DA4A002-14D3-4F48-A1A2-D52B3E9950CA}
		{F7BBB403-7142-4F8D-8E65-5ABA94502D3D} = {3DA4A002-14D3-4F48-A1A2-D52B3E9950CA}
		{E6B1469D-911C-4AFC-A0F8-1ED00886910B} = {3DA4A002-14D3-4F48-A1A2-D52B3E9950CA}
	EndGlobalSection
EndGlobal
